
Microsoft Visual Studio Solution File, Format Version 12.00
# Visual Studio Version 17
VisualStudioVersion = 17.0.31903.59
MinimumVisualStudioVersion = 10.0.40219.1
Project("{2150E333-8FDC-42A3-9474-1A3956D46DE8}") = "src", "src", "{827E0CD3-B72D-47B6-A68D-7590B98EB39B}"
EndProject
Project("{2150E333-8FDC-42A3-9474-1A3956D46DE8}") = "framework", "framework", "{E0AD1809-C64F-3D39-45E0-E424261CE16D}"
EndProject
Project("{FAE04EC0-301F-11D3-BF4B-00C04F79EFBC}") = "Ramsha.Core", "src\framework\Ramsha.Core\Ramsha.Core.csproj", "{8CB31E60-3348-443B-90F8-7C8661D9E852}"
EndProject
Project("{FAE04EC0-301F-11D3-BF4B-00C04F79EFBC}") = "DemoApp", "DemoApp\DemoApp.csproj", "{160DC096-1434-44D7-A3AF-B60EB1D39B1F}"
EndProject
Project("{FAE04EC0-301F-11D3-BF4B-00C04F79EFBC}") = "DemoModule", "DemoModule\DemoModule.csproj", "{8513956E-E547-48B0-8646-779465D0993E}"
EndProject
Project("{2150E333-8FDC-42A3-9474-1A3956D46DE8}") = "aspnetcore", "aspnetcore", "{350EFD0C-C200-624F-5632-DFE8CC4028C5}"
EndProject
Project("{FAE04EC0-301F-11D3-BF4B-00C04F79EFBC}") = "Ramsha.AspNetCore", "src\framework\aspnetcore\Ramsha.AspNetCore\Ramsha.AspNetCore.csproj", "{D47A0EB0-3A8A-494C-9D4B-BFCE7283E327}"
EndProject
Project("{FAE04EC0-301F-11D3-BF4B-00C04F79EFBC}") = "Ramsha.AspNetCore.Mvc", "src\framework\aspnetcore\Ramsha.AspNetCore.Mvc\Ramsha.AspNetCore.Mvc.csproj", "{E9AFBAF5-0730-491F-A43E-7627479D6F8D}"
EndProject
Project("{2150E333-8FDC-42A3-9474-1A3956D46DE8}") = "messaging", "messaging", "{70E9956B-3470-8432-5039-A81DB1F2C925}"
EndProject
Project("{FAE04EC0-301F-11D3-BF4B-00C04F79EFBC}") = "Ramsha.LocalMessaging.Abstractions", "src\framework\messaging\Ramsha.LocalMessaging.Abstractions\Ramsha.LocalMessaging.Abstractions.csproj", "{F9A0F171-82B2-4EE7-9032-313FACF4DFB8}"
EndProject
Project("{FAE04EC0-301F-11D3-BF4B-00C04F79EFBC}") = "Ramsha.LocalMessaging", "src\framework\messaging\Ramsha.LocalMessaging\Ramsha.LocalMessaging.csproj", "{BC0E197F-0339-4494-B34D-1F26F2E5477C}"
EndProject
Project("{2150E333-8FDC-42A3-9474-1A3956D46DE8}") = "dependency-injection", "dependency-injection", "{FCA8AEBA-C82E-8213-6DDE-2C4DE7FBF28D}"
EndProject
Project("{FAE04EC0-301F-11D3-BF4B-00C04F79EFBC}") = "Ramsha.Autofac", "src\framework\dependency-injection\Ramsha.Autofac\Ramsha.Autofac.csproj", "{BA28663F-5C38-44AA-9408-E853F232C822}"
EndProject
Global
	GlobalSection(SolutionConfigurationPlatforms) = preSolution
		Debug|Any CPU = Debug|Any CPU
		Debug|x64 = Debug|x64
		Debug|x86 = Debug|x86
		Release|Any CPU = Release|Any CPU
		Release|x64 = Release|x64
		Release|x86 = Release|x86
	EndGlobalSection
	GlobalSection(ProjectConfigurationPlatforms) = postSolution
		{8CB31E60-3348-443B-90F8-7C8661D9E852}.Debug|Any CPU.ActiveCfg = Debug|Any CPU
		{8CB31E60-3348-443B-90F8-7C8661D9E852}.Debug|Any CPU.Build.0 = Debug|Any CPU
		{8CB31E60-3348-443B-90F8-7C8661D9E852}.Debug|x64.ActiveCfg = Debug|Any CPU
		{8CB31E60-3348-443B-90F8-7C8661D9E852}.Debug|x64.Build.0 = Debug|Any CPU
		{8CB31E60-3348-443B-90F8-7C8661D9E852}.Debug|x86.ActiveCfg = Debug|Any CPU
		{8CB31E60-3348-443B-90F8-7C8661D9E852}.Debug|x86.Build.0 = Debug|Any CPU
		{8CB31E60-3348-443B-90F8-7C8661D9E852}.Release|Any CPU.ActiveCfg = Release|Any CPU
		{8CB31E60-3348-443B-90F8-7C8661D9E852}.Release|Any CPU.Build.0 = Release|Any CPU
		{8CB31E60-3348-443B-90F8-7C8661D9E852}.Release|x64.ActiveCfg = Release|Any CPU
		{8CB31E60-3348-443B-90F8-7C8661D9E852}.Release|x64.Build.0 = Release|Any CPU
		{8CB31E60-3348-443B-90F8-7C8661D9E852}.Release|x86.ActiveCfg = Release|Any CPU
		{8CB31E60-3348-443B-90F8-7C8661D9E852}.Release|x86.Build.0 = Release|Any CPU
		{160DC096-1434-44D7-A3AF-B60EB1D39B1F}.Debug|Any CPU.ActiveCfg = Debug|Any CPU
		{160DC096-1434-44D7-A3AF-B60EB1D39B1F}.Debug|Any CPU.Build.0 = Debug|Any CPU
		{160DC096-1434-44D7-A3AF-B60EB1D39B1F}.Debug|x64.ActiveCfg = Debug|Any CPU
		{160DC096-1434-44D7-A3AF-B60EB1D39B1F}.Debug|x64.Build.0 = Debug|Any CPU
		{160DC096-1434-44D7-A3AF-B60EB1D39B1F}.Debug|x86.ActiveCfg = Debug|Any CPU
		{160DC096-1434-44D7-A3AF-B60EB1D39B1F}.Debug|x86.Build.0 = Debug|Any CPU
		{160DC096-1434-44D7-A3AF-B60EB1D39B1F}.Release|Any CPU.ActiveCfg = Release|Any CPU
		{160DC096-1434-44D7-A3AF-B60EB1D39B1F}.Release|Any CPU.Build.0 = Release|Any CPU
		{160DC096-1434-44D7-A3AF-B60EB1D39B1F}.Release|x64.ActiveCfg = Release|Any CPU
		{160DC096-1434-44D7-A3AF-B60EB1D39B1F}.Release|x64.Build.0 = Release|Any CPU
		{160DC096-1434-44D7-A3AF-B60EB1D39B1F}.Release|x86.ActiveCfg = Release|Any CPU
		{160DC096-1434-44D7-A3AF-B60EB1D39B1F}.Release|x86.Build.0 = Release|Any CPU
		{8513956E-E547-48B0-8646-779465D0993E}.Debug|Any CPU.ActiveCfg = Debug|Any CPU
		{8513956E-E547-48B0-8646-779465D0993E}.Debug|Any CPU.Build.0 = Debug|Any CPU
		{8513956E-E547-48B0-8646-779465D0993E}.Debug|x64.ActiveCfg = Debug|Any CPU
		{8513956E-E547-48B0-8646-779465D0993E}.Debug|x64.Build.0 = Debug|Any CPU
		{8513956E-E547-48B0-8646-779465D0993E}.Debug|x86.ActiveCfg = Debug|Any CPU
		{8513956E-E547-48B0-8646-779465D0993E}.Debug|x86.Build.0 = Debug|Any CPU
		{8513956E-E547-48B0-8646-779465D0993E}.Release|Any CPU.ActiveCfg = Release|Any CPU
		{8513956E-E547-48B0-8646-779465D0993E}.Release|Any CPU.Build.0 = Release|Any CPU
		{8513956E-E547-48B0-8646-779465D0993E}.Release|x64.ActiveCfg = Release|Any CPU
		{8513956E-E547-48B0-8646-779465D0993E}.Release|x64.Build.0 = Release|Any CPU
		{8513956E-E547-48B0-8646-779465D0993E}.Release|x86.ActiveCfg = Release|Any CPU
		{8513956E-E547-48B0-8646-779465D0993E}.Release|x86.Build.0 = Release|Any CPU
		{D47A0EB0-3A8A-494C-9D4B-BFCE7283E327}.Debug|Any CPU.ActiveCfg = Debug|Any CPU
		{D47A0EB0-3A8A-494C-9D4B-BFCE7283E327}.Debug|Any CPU.Build.0 = Debug|Any CPU
		{D47A0EB0-3A8A-494C-9D4B-BFCE7283E327}.Debug|x64.ActiveCfg = Debug|Any CPU
		{D47A0EB0-3A8A-494C-9D4B-BFCE7283E327}.Debug|x64.Build.0 = Debug|Any CPU
		{D47A0EB0-3A8A-494C-9D4B-BFCE7283E327}.Debug|x86.ActiveCfg = Debug|Any CPU
		{D47A0EB0-3A8A-494C-9D4B-BFCE7283E327}.Debug|x86.Build.0 = Debug|Any CPU
		{D47A0EB0-3A8A-494C-9D4B-BFCE7283E327}.Release|Any CPU.ActiveCfg = Release|Any CPU
		{D47A0EB0-3A8A-494C-9D4B-BFCE7283E327}.Release|Any CPU.Build.0 = Release|Any CPU
		{D47A0EB0-3A8A-494C-9D4B-BFCE7283E327}.Release|x64.ActiveCfg = Release|Any CPU
		{D47A0EB0-3A8A-494C-9D4B-BFCE7283E327}.Release|x64.Build.0 = Release|Any CPU
		{D47A0EB0-3A8A-494C-9D4B-BFCE7283E327}.Release|x86.ActiveCfg = Release|Any CPU
		{D47A0EB0-3A8A-494C-9D4B-BFCE7283E327}.Release|x86.Build.0 = Release|Any CPU
		{E9AFBAF5-0730-491F-A43E-7627479D6F8D}.Debug|Any CPU.ActiveCfg = Debug|Any CPU
		{E9AFBAF5-0730-491F-A43E-7627479D6F8D}.Debug|Any CPU.Build.0 = Debug|Any CPU
		{E9AFBAF5-0730-491F-A43E-7627479D6F8D}.Debug|x64.ActiveCfg = Debug|Any CPU
		{E9AFBAF5-0730-491F-A43E-7627479D6F8D}.Debug|x64.Build.0 = Debug|Any CPU
		{E9AFBAF5-0730-491F-A43E-7627479D6F8D}.Debug|x86.ActiveCfg = Debug|Any CPU
		{E9AFBAF5-0730-491F-A43E-7627479D6F8D}.Debug|x86.Build.0 = Debug|Any CPU
		{E9AFBAF5-0730-491F-A43E-7627479D6F8D}.Release|Any CPU.ActiveCfg = Release|Any CPU
		{E9AFBAF5-0730-491F-A43E-7627479D6F8D}.Release|Any CPU.Build.0 = Release|Any CPU
		{E9AFBAF5-0730-491F-A43E-7627479D6F8D}.Release|x64.ActiveCfg = Release|Any CPU
		{E9AFBAF5-0730-491F-A43E-7627479D6F8D}.Release|x64.Build.0 = Release|Any CPU
		{E9AFBAF5-0730-491F-A43E-7627479D6F8D}.Release|x86.ActiveCfg = Release|Any CPU
		{E9AFBAF5-0730-491F-A43E-7627479D6F8D}.Release|x86.Build.0 = Release|Any CPU
		{F9A0F171-82B2-4EE7-9032-313FACF4DFB8}.Debug|Any CPU.ActiveCfg = Debug|Any CPU
		{F9A0F171-82B2-4EE7-9032-313FACF4DFB8}.Debug|Any CPU.Build.0 = Debug|Any CPU
		{F9A0F171-82B2-4EE7-9032-313FACF4DFB8}.Debug|x64.ActiveCfg = Debug|Any CPU
		{F9A0F171-82B2-4EE7-9032-313FACF4DFB8}.Debug|x64.Build.0 = Debug|Any CPU
		{F9A0F171-82B2-4EE7-9032-313FACF4DFB8}.Debug|x86.ActiveCfg = Debug|Any CPU
		{F9A0F171-82B2-4EE7-9032-313FACF4DFB8}.Debug|x86.Build.0 = Debug|Any CPU
		{F9A0F171-82B2-4EE7-9032-313FACF4DFB8}.Release|Any CPU.ActiveCfg = Release|Any CPU
		{F9A0F171-82B2-4EE7-9032-313FACF4DFB8}.Release|Any CPU.Build.0 = Release|Any CPU
		{F9A0F171-82B2-4EE7-9032-313FACF4DFB8}.Release|x64.ActiveCfg = Release|Any CPU
		{F9A0F171-82B2-4EE7-9032-313FACF4DFB8}.Release|x64.Build.0 = Release|Any CPU
		{F9A0F171-82B2-4EE7-9032-313FACF4DFB8}.Release|x86.ActiveCfg = Release|Any CPU
		{F9A0F171-82B2-4EE7-9032-313FACF4DFB8}.Release|x86.Build.0 = Release|Any CPU
		{BC0E197F-0339-4494-B34D-1F26F2E5477C}.Debug|Any CPU.ActiveCfg = Debug|Any CPU
		{BC0E197F-0339-4494-B34D-1F26F2E5477C}.Debug|Any CPU.Build.0 = Debug|Any CPU
		{BC0E197F-0339-4494-B34D-1F26F2E5477C}.Debug|x64.ActiveCfg = Debug|Any CPU
		{BC0E197F-0339-4494-B34D-1F26F2E5477C}.Debug|x64.Build.0 = Debug|Any CPU
		{BC0E197F-0339-4494-B34D-1F26F2E5477C}.Debug|x86.ActiveCfg = Debug|Any CPU
		{BC0E197F-0339-4494-B34D-1F26F2E5477C}.Debug|x86.Build.0 = Debug|Any CPU
		{BC0E197F-0339-4494-B34D-1F26F2E5477C}.Release|Any CPU.ActiveCfg = Release|Any CPU
		{BC0E197F-0339-4494-B34D-1F26F2E5477C}.Release|Any CPU.Build.0 = Release|Any CPU
		{BC0E197F-0339-4494-B34D-1F26F2E5477C}.Release|x64.ActiveCfg = Release|Any CPU
		{BC0E197F-0339-4494-B34D-1F26F2E5477C}.Release|x64.Build.0 = Release|Any CPU
		{BC0E197F-0339-4494-B34D-1F26F2E5477C}.Release|x86.ActiveCfg = Release|Any CPU
		{BC0E197F-0339-4494-B34D-1F26F2E5477C}.Release|x86.Build.0 = Release|Any CPU
		{BA28663F-5C38-44AA-9408-E853F232C822}.Debug|Any CPU.ActiveCfg = Debug|Any CPU
		{BA28663F-5C38-44AA-9408-E853F232C822}.Debug|Any CPU.Build.0 = Debug|Any CPU
		{BA28663F-5C38-44AA-9408-E853F232C822}.Debug|x64.ActiveCfg = Debug|Any CPU
		{BA28663F-5C38-44AA-9408-E853F232C822}.Debug|x64.Build.0 = Debug|Any CPU
		{BA28663F-5C38-44AA-9408-E853F232C822}.Debug|x86.ActiveCfg = Debug|Any CPU
		{BA28663F-5C38-44AA-9408-E853F232C822}.Debug|x86.Build.0 = Debug|Any CPU
		{BA28663F-5C38-44AA-9408-E853F232C822}.Release|Any CPU.ActiveCfg = Release|Any CPU
		{BA28663F-5C38-44AA-9408-E853F232C822}.Release|Any CPU.Build.0 = Release|Any CPU
		{BA28663F-5C38-44AA-9408-E853F232C822}.Release|x64.ActiveCfg = Release|Any CPU
		{BA28663F-5C38-44AA-9408-E853F232C822}.Release|x64.Build.0 = Release|Any CPU
		{BA28663F-5C38-44AA-9408-E853F232C822}.Release|x86.ActiveCfg = Release|Any CPU
		{BA28663F-5C38-44AA-9408-E853F232C822}.Release|x86.Build.0 = Release|Any CPU
	EndGlobalSection
	GlobalSection(SolutionProperties) = preSolution
		HideSolutionNode = FALSE
	EndGlobalSection
	GlobalSection(NestedProjects) = preSolution
		{E0AD1809-C64F-3D39-45E0-E424261CE16D} = {827E0CD3-B72D-47B6-A68D-7590B98EB39B}
		{8CB31E60-3348-443B-90F8-7C8661D9E852} = {E0AD1809-C64F-3D39-45E0-E424261CE16D}
		{350EFD0C-C200-624F-5632-DFE8CC4028C5} = {E0AD1809-C64F-3D39-45E0-E424261CE16D}
		{D47A0EB0-3A8A-494C-9D4B-BFCE7283E327} = {350EFD0C-C200-624F-5632-DFE8CC4028C5}
		{E9AFBAF5-0730-491F-A43E-7627479D6F8D} = {350EFD0C-C200-624F-5632-DFE8CC4028C5}
		{70E9956B-3470-8432-5039-A81DB1F2C925} = {E0AD1809-C64F-3D39-45E0-E424261CE16D}
		{F9A0F171-82B2-4EE7-9032-313FACF4DFB8} = {70E9956B-3470-8432-5039-A81DB1F2C925}
		{BC0E197F-0339-4494-B34D-1F26F2E5477C} = {70E9956B-3470-8432-5039-A81DB1F2C925}
		{FCA8AEBA-C82E-8213-6DDE-2C4DE7FBF28D} = {E0AD1809-C64F-3D39-45E0-E424261CE16D}
		{BA28663F-5C38-44AA-9408-E853F232C822} = {FCA8AEBA-C82E-8213-6DDE-2C4DE7FBF28D}
	EndGlobalSection
EndGlobal
