
Microsoft Visual Studio Solution File, Format Version 12.00
# Visual Studio Version 17
VisualStudioVersion = 17.0.31903.59
MinimumVisualStudioVersion = 10.0.40219.1
Project("{2150E333-8FDC-42A3-9474-1A3956D46DE8}") = "src", "src", "{827E0CD3-B72D-47B6-A68D-7590B98EB39B}"
EndProject
Project("{2150E333-8FDC-42A3-9474-1A3956D46DE8}") = "framework", "framework", "{E0AD1809-C64F-3D39-45E0-E424261CE16D}"
EndProject
Project("{FAE04EC0-301F-11D3-BF4B-00C04F79EFBC}") = "Ramsha.Core", "src\framework\Ramsha.Core\Ramsha.Core.csproj", "{8CB31E60-3348-443B-90F8-7C8661D9E852}"
EndProject
Project("{FAE04EC0-301F-11D3-BF4B-00C04F79EFBC}") = "DemoApp", "DemoApp\DemoApp.csproj", "{160DC096-1434-44D7-A3AF-B60EB1D39B1F}"
EndProject
Project("{FAE04EC0-301F-11D3-BF4B-00C04F79EFBC}") = "DemoModule", "DemoModule\DemoModule.csproj", "{8513956E-E547-48B0-8646-779465D0993E}"
EndProject
Project("{2150E333-8FDC-42A3-9474-1A3956D46DE8}") = "aspnetcore", "aspnetcore", "{350EFD0C-C200-624F-5632-DFE8CC4028C5}"
EndProject
Project("{FAE04EC0-301F-11D3-BF4B-00C04F79EFBC}") = "Ramsha.AspNetCore", "src\framework\aspnetcore\Ramsha.AspNetCore\Ramsha.AspNetCore.csproj", "{D47A0EB0-3A8A-494C-9D4B-BFCE7283E327}"
EndProject
Project("{FAE04EC0-301F-11D3-BF4B-00C04F79EFBC}") = "Ramsha.AspNetCore.Mvc", "src\framework\aspnetcore\Ramsha.AspNetCore.Mvc\Ramsha.AspNetCore.Mvc.csproj", "{E9AFBAF5-0730-491F-A43E-7627479D6F8D}"
EndProject
Project("{2150E333-8FDC-42A3-9474-1A3956D46DE8}") = "messaging", "messaging", "{70E9956B-3470-8432-5039-A81DB1F2C925}"
EndProject
Project("{FAE04EC0-301F-11D3-BF4B-00C04F79EFBC}") = "Ramsha.LocalMessaging.Abstractions", "src\framework\messaging\Ramsha.LocalMessaging.Abstractions\Ramsha.LocalMessaging.Abstractions.csproj", "{F9A0F171-82B2-4EE7-9032-313FACF4DFB8}"
EndProject
Project("{FAE04EC0-301F-11D3-BF4B-00C04F79EFBC}") = "Ramsha.LocalMessaging", "src\framework\messaging\Ramsha.LocalMessaging\Ramsha.LocalMessaging.csproj", "{BC0E197F-0339-4494-B34D-1F26F2E5477C}"
EndProject
Project("{2150E333-8FDC-42A3-9474-1A3956D46DE8}") = "dependency-injection", "dependency-injection", "{FCA8AEBA-C82E-8213-6DDE-2C4DE7FBF28D}"
EndProject
Project("{FAE04EC0-301F-11D3-BF4B-00C04F79EFBC}") = "Ramsha.Autofac", "src\framework\dependency-injection\Ramsha.Autofac\Ramsha.Autofac.csproj", "{BA28663F-5C38-44AA-9408-E853F232C822}"
EndProject
Project("{2150E333-8FDC-42A3-9474-1A3956D46DE8}") = "common", "common", "{C8AF7CE9-6C40-4FD3-91AE-2CD8D4D52734}"
EndProject
Project("{FAE04EC0-301F-11D3-BF4B-00C04F79EFBC}") = "Ramsha.Common.Domain", "src\framework\common\Ramsha.Common.Domain\Ramsha.Common.Domain.csproj", "{87D84F71-E3C5-4C17-AD96-F0574F45E6F8}"
EndProject
Project("{2150E333-8FDC-42A3-9474-1A3956D46DE8}") = "entity-framework-core", "entity-framework-core", "{71B26CA9-AFE7-F2E3-1AB1-CD956805BB92}"
EndProject
Project("{FAE04EC0-301F-11D3-BF4B-00C04F79EFBC}") = "Ramsha.EntityFrameworkCore", "src\framework\entity-framework-core\Ramsha.EntityFrameworkCore\Ramsha.EntityFrameworkCore.csproj", "{C2A6A89C-39D7-454B-A8EE-F2A49E49F673}"
EndProject
Project("{2150E333-8FDC-42A3-9474-1A3956D46DE8}") = "infrastructure", "infrastructure", "{0147BB3C-E680-3343-50D1-D5217CEA7937}"
EndProject
Project("{FAE04EC0-301F-11D3-BF4B-00C04F79EFBC}") = "Ramsha.UnitOfWork", "src\framework\infrastructure\Ramsha.UnitOfWork\Ramsha.UnitOfWork.csproj", "{7B556151-40D8-423E-B7F6-5407487CD656}"
EndProject
Project("{FAE04EC0-301F-11D3-BF4B-00C04F79EFBC}") = "Ramsha.UnitOfWork.Abstractions", "src\framework\infrastructure\Ramsha.UnitOfWork.Abstractions\Ramsha.UnitOfWork.Abstractions.csproj", "{93B5027A-3B62-4F35-8584-F435206E86BF}"
EndProject
Project("{2150E333-8FDC-42A3-9474-1A3956D46DE8}") = "security", "security", "{7DBA3115-775D-CEFB-93FD-24A148510556}"
EndProject
Project("{FAE04EC0-301F-11D3-BF4B-00C04F79EFBC}") = "Ramsha.Security", "src\framework\security\Ramsha.Security\Ramsha.Security.csproj", "{9AF66244-EBCE-422C-B0D5-98716A47F30E}"
EndProject
Project("{2150E333-8FDC-42A3-9474-1A3956D46DE8}") = "modules", "modules", "{EC447DCF-ABFA-6E24-52A5-D7FD48A5C558}"
EndProject
Project("{2150E333-8FDC-42A3-9474-1A3956D46DE8}") = "identity", "identity", "{0EC62A1A-9858-3A60-8A0C-FC9AACFA2EC7}"
EndProject
Project("{FAE04EC0-301F-11D3-BF4B-00C04F79EFBC}") = "Ramsha.Identity.Shared", "src\modules\identity\Ramsha.Identity.Shared\Ramsha.Identity.Shared.csproj", "{99B4EA5E-79F8-46F9-9AA2-B5832E5F41C9}"
EndProject
Project("{FAE04EC0-301F-11D3-BF4B-00C04F79EFBC}") = "Ramsha.Identity.Domain", "src\modules\identity\Ramsha.Identity.Domain\Ramsha.Identity.Domain.csproj", "{34518D01-08B6-4AC2-8C30-4F84529DB9A1}"
EndProject
Project("{FAE04EC0-301F-11D3-BF4B-00C04F79EFBC}") = "Ramsha.Identity.Contracts", "src\modules\identity\Ramsha.Identity.Contracts\Ramsha.Identity.Contracts.csproj", "{3541E488-41FF-43DA-A9EC-25E92E6D5C26}"
EndProject
Project("{FAE04EC0-301F-11D3-BF4B-00C04F79EFBC}") = "Ramsha.Identity.Application", "src\modules\identity\Ramsha.Identity.Application\Ramsha.Identity.Application.csproj", "{1008AEC9-8BAE-4D78-AD1A-9E1BD2565C8D}"
EndProject
Project("{FAE04EC0-301F-11D3-BF4B-00C04F79EFBC}") = "Ramsha.Identity.Persistence", "src\modules\identity\Ramsha.Identity.Persistence\Ramsha.Identity.Persistence.csproj", "{BA40D5EA-8BB7-4BC8-9975-6EFE3C977CFA}"
EndProject
Project("{FAE04EC0-301F-11D3-BF4B-00C04F79EFBC}") = "Ramsha.Identity.Api", "src\modules\identity\Ramsha.Identity.Api\Ramsha.Identity.Api.csproj", "{F6FA779B-3A16-49A1-8D48-BEF51BF3382B}"
EndProject
Project("{FAE04EC0-301F-11D3-BF4B-00C04F79EFBC}") = "Ramsha.Identity.AspNetCore", "src\modules\identity\Ramsha.Identity.AspNetCore\Ramsha.Identity.AspNetCore.csproj", "{5A15A236-4077-4F69-BAEA-0469EE2C3D38}"
EndProject
Project("{2150E333-8FDC-42A3-9474-1A3956D46DE8}") = "account", "account", "{6EE2CD8D-C202-701D-0106-19DABBDFA130}"
EndProject
Project("{FAE04EC0-301F-11D3-BF4B-00C04F79EFBC}") = "Ramsha.Account.Contracts", "src\modules\account\Ramsha.Account.Contracts\Ramsha.Account.Contracts.csproj", "{9FB99647-F849-44D3-B64F-F59F66238509}"
EndProject
Project("{FAE04EC0-301F-11D3-BF4B-00C04F79EFBC}") = "Ramsha.Account.Application", "src\modules\account\Ramsha.Account.Application\Ramsha.Account.Application.csproj", "{A7AB78FA-3509-4E8B-897F-45D770C2690E}"
EndProject
Project("{FAE04EC0-301F-11D3-BF4B-00C04F79EFBC}") = "Ramsha.Account.Api", "src\modules\account\Ramsha.Account.Api\Ramsha.Account.Api.csproj", "{B3679D47-835D-471F-8FA1-F663ECD8508E}"
EndProject
Project("{FAE04EC0-301F-11D3-BF4B-00C04F79EFBC}") = "Ramsha.Common.Application", "src\framework\common\Ramsha.Common.Application\Ramsha.Common.Application.csproj", "{34203111-0280-4A04-A925-D17F7481A005}"
EndProject
Project("{FAE04EC0-301F-11D3-BF4B-00C04F79EFBC}") = "Ramsha.Common.Contracts", "src\framework\common\Ramsha.Common.Contracts\Ramsha.Common.Contracts.csproj", "{D25D3820-F7E3-45DB-B0C8-E2B28BB878F7}"
EndProject
Project("{FAE04EC0-301F-11D3-BF4B-00C04F79EFBC}") = "SimpleAppDemo", "SimpleAppDemo\SimpleAppDemo.csproj", "{42A0D72B-8C6F-41BA-A270-0536445C2C98}"
EndProject
Project("{FAE04EC0-301F-11D3-BF4B-00C04F79EFBC}") = "Ramsha.EntityFrameworkCore.SqlServer", "src\framework\entity-framework-core\Ramsha.EntityFrameworkCore.SqlServer\Ramsha.EntityFrameworkCore.SqlServer.csproj", "{DC516306-339A-45DD-B1FD-2E1C44F2FFF7}"
EndProject
Project("{FAE04EC0-301F-11D3-BF4B-00C04F79EFBC}") = "Ramsha.Authorization", "src\framework\security\Ramsha.Authorization\Ramsha.Authorization.csproj", "{334A6992-E038-4B82-BF71-355DF55C5FD9}"
EndProject
Project("{2150E333-8FDC-42A3-9474-1A3956D46DE8}") = "permissions", "permissions", "{838FFFB0-8371-944A-DB78-25759711E3A7}"
EndProject
Project("{FAE04EC0-301F-11D3-BF4B-00C04F79EFBC}") = "Ramsha.Permissions.Contracts", "src\modules\permissions\Ramsha.Permissions.Contracts\Ramsha.Permissions.Contracts.csproj", "{67E73286-F94C-4020-A4D3-AB7EBA534AEA}"
EndProject
Project("{FAE04EC0-301F-11D3-BF4B-00C04F79EFBC}") = "Ramsha.Permissions.Shared", "src\modules\permissions\Ramsha.Permissions.Shared\Ramsha.Permissions.Shared.csproj", "{BA600AFF-E339-4107-AABD-9B61C1D50BD6}"
EndProject
Project("{FAE04EC0-301F-11D3-BF4B-00C04F79EFBC}") = "Ramsha.Permissions.Persistence", "src\modules\permissions\Ramsha.Permissions.Persistence\Ramsha.Permissions.Persistence.csproj", "{3CBC28D4-8D32-4BBF-9734-E5409254C8B2}"
EndProject
Project("{FAE04EC0-301F-11D3-BF4B-00C04F79EFBC}") = "Ramsha.Permissions.Domain", "src\modules\permissions\Ramsha.Permissions.Domain\Ramsha.Permissions.Domain.csproj", "{FA6906DB-105F-4379-99C2-DF96B1582B1F}"
EndProject
Project("{FAE04EC0-301F-11D3-BF4B-00C04F79EFBC}") = "Ramsha.Permissions.Application", "src\modules\permissions\Ramsha.Permissions.Application\Ramsha.Permissions.Application.csproj", "{D1597E4F-0422-48F1-874D-4662FF820072}"
EndProject
Project("{FAE04EC0-301F-11D3-BF4B-00C04F79EFBC}") = "Ramsha.Permissions.Api", "src\modules\permissions\Ramsha.Permissions.Api\Ramsha.Permissions.Api.csproj", "{DF721AB6-51C2-408A-B0E4-CBB6B74D2B16}"
EndProject
Project("{2150E333-8FDC-42A3-9474-1A3956D46DE8}") = "settings", "settings", "{5E35BC7D-E51A-38DB-A0F0-9AEE80161522}"
EndProject
Project("{FAE04EC0-301F-11D3-BF4B-00C04F79EFBC}") = "Ramsha.Settings", "src\framework\settings\Ramsha.Settings\Ramsha.Settings.csproj", "{54A7E60E-E34C-40D8-849D-0745D971F6A5}"
EndProject
Project("{2150E333-8FDC-42A3-9474-1A3956D46DE8}") = "settings-management", "settings-management", "{B6EAB335-21D8-972E-2001-BE8A6D353530}"
EndProject
Project("{FAE04EC0-301F-11D3-BF4B-00C04F79EFBC}") = "Ramsha.SettingsManagement.Shared", "src\modules\settings-management\Ramsha.SettingsManagement.Shared\Ramsha.SettingsManagement.Shared.csproj", "{9E1D9B1E-BF4B-439F-9803-EC818C8E0640}"
EndProject
Project("{FAE04EC0-301F-11D3-BF4B-00C04F79EFBC}") = "Ramsha.SettingsManagement.Domain", "src\modules\settings-management\Ramsha.SettingsManagement.Domain\Ramsha.SettingsManagement.Domain.csproj", "{30A3BC65-429F-4AE6-BB1C-83432669879B}"
EndProject
Project("{FAE04EC0-301F-11D3-BF4B-00C04F79EFBC}") = "Ramsha.SettingsManagement.Contracts", "src\modules\settings-management\Ramsha.SettingsManagement.Contracts\Ramsha.SettingsManagement.Contracts.csproj", "{8CE09218-9558-4AE7-8C82-BD4C1C1168CD}"
EndProject
Project("{FAE04EC0-301F-11D3-BF4B-00C04F79EFBC}") = "Ramsha.SettingsManagement.Application", "src\modules\settings-management\Ramsha.SettingsManagement.Application\Ramsha.SettingsManagement.Application.csproj", "{3DEFE698-C43F-4F0E-B574-5101A0467506}"
EndProject
Project("{FAE04EC0-301F-11D3-BF4B-00C04F79EFBC}") = "Ramsha.SettingsManagement.Persistence", "src\modules\settings-management\Ramsha.SettingsManagement.Persistence\Ramsha.SettingsManagement.Persistence.csproj", "{AA643832-B75D-45B8-9935-95E2C56B8DB6}"
EndProject
Project("{FAE04EC0-301F-11D3-BF4B-00C04F79EFBC}") = "Ramsha.SettingsManagement.Api", "src\modules\settings-management\Ramsha.SettingsManagement.Api\Ramsha.SettingsManagement.Api.csproj", "{B9A51175-8215-4782-AAD1-61E1A609959D}"
EndProject
Global
	GlobalSection(SolutionConfigurationPlatforms) = preSolution
		Debug|Any CPU = Debug|Any CPU
		Debug|x64 = Debug|x64
		Debug|x86 = Debug|x86
		Release|Any CPU = Release|Any CPU
		Release|x64 = Release|x64
		Release|x86 = Release|x86
	EndGlobalSection
	GlobalSection(ProjectConfigurationPlatforms) = postSolution
		{8CB31E60-3348-443B-90F8-7C8661D9E852}.Debug|Any CPU.ActiveCfg = Debug|Any CPU
		{8CB31E60-3348-443B-90F8-7C8661D9E852}.Debug|Any CPU.Build.0 = Debug|Any CPU
		{8CB31E60-3348-443B-90F8-7C8661D9E852}.Debug|x64.ActiveCfg = Debug|Any CPU
		{8CB31E60-3348-443B-90F8-7C8661D9E852}.Debug|x64.Build.0 = Debug|Any CPU
		{8CB31E60-3348-443B-90F8-7C8661D9E852}.Debug|x86.ActiveCfg = Debug|Any CPU
		{8CB31E60-3348-443B-90F8-7C8661D9E852}.Debug|x86.Build.0 = Debug|Any CPU
		{8CB31E60-3348-443B-90F8-7C8661D9E852}.Release|Any CPU.ActiveCfg = Release|Any CPU
		{8CB31E60-3348-443B-90F8-7C8661D9E852}.Release|Any CPU.Build.0 = Release|Any CPU
		{8CB31E60-3348-443B-90F8-7C8661D9E852}.Release|x64.ActiveCfg = Release|Any CPU
		{8CB31E60-3348-443B-90F8-7C8661D9E852}.Release|x64.Build.0 = Release|Any CPU
		{8CB31E60-3348-443B-90F8-7C8661D9E852}.Release|x86.ActiveCfg = Release|Any CPU
		{8CB31E60-3348-443B-90F8-7C8661D9E852}.Release|x86.Build.0 = Release|Any CPU
		{160DC096-1434-44D7-A3AF-B60EB1D39B1F}.Debug|Any CPU.ActiveCfg = Debug|Any CPU
		{160DC096-1434-44D7-A3AF-B60EB1D39B1F}.Debug|Any CPU.Build.0 = Debug|Any CPU
		{160DC096-1434-44D7-A3AF-B60EB1D39B1F}.Debug|x64.ActiveCfg = Debug|Any CPU
		{160DC096-1434-44D7-A3AF-B60EB1D39B1F}.Debug|x64.Build.0 = Debug|Any CPU
		{160DC096-1434-44D7-A3AF-B60EB1D39B1F}.Debug|x86.ActiveCfg = Debug|Any CPU
		{160DC096-1434-44D7-A3AF-B60EB1D39B1F}.Debug|x86.Build.0 = Debug|Any CPU
		{160DC096-1434-44D7-A3AF-B60EB1D39B1F}.Release|Any CPU.ActiveCfg = Release|Any CPU
		{160DC096-1434-44D7-A3AF-B60EB1D39B1F}.Release|Any CPU.Build.0 = Release|Any CPU
		{160DC096-1434-44D7-A3AF-B60EB1D39B1F}.Release|x64.ActiveCfg = Release|Any CPU
		{160DC096-1434-44D7-A3AF-B60EB1D39B1F}.Release|x64.Build.0 = Release|Any CPU
		{160DC096-1434-44D7-A3AF-B60EB1D39B1F}.Release|x86.ActiveCfg = Release|Any CPU
		{160DC096-1434-44D7-A3AF-B60EB1D39B1F}.Release|x86.Build.0 = Release|Any CPU
		{8513956E-E547-48B0-8646-779465D0993E}.Debug|Any CPU.ActiveCfg = Debug|Any CPU
		{8513956E-E547-48B0-8646-779465D0993E}.Debug|Any CPU.Build.0 = Debug|Any CPU
		{8513956E-E547-48B0-8646-779465D0993E}.Debug|x64.ActiveCfg = Debug|Any CPU
		{8513956E-E547-48B0-8646-779465D0993E}.Debug|x64.Build.0 = Debug|Any CPU
		{8513956E-E547-48B0-8646-779465D0993E}.Debug|x86.ActiveCfg = Debug|Any CPU
		{8513956E-E547-48B0-8646-779465D0993E}.Debug|x86.Build.0 = Debug|Any CPU
		{8513956E-E547-48B0-8646-779465D0993E}.Release|Any CPU.ActiveCfg = Release|Any CPU
		{8513956E-E547-48B0-8646-779465D0993E}.Release|Any CPU.Build.0 = Release|Any CPU
		{8513956E-E547-48B0-8646-779465D0993E}.Release|x64.ActiveCfg = Release|Any CPU
		{8513956E-E547-48B0-8646-779465D0993E}.Release|x64.Build.0 = Release|Any CPU
		{8513956E-E547-48B0-8646-779465D0993E}.Release|x86.ActiveCfg = Release|Any CPU
		{8513956E-E547-48B0-8646-779465D0993E}.Release|x86.Build.0 = Release|Any CPU
		{D47A0EB0-3A8A-494C-9D4B-BFCE7283E327}.Debug|Any CPU.ActiveCfg = Debug|Any CPU
		{D47A0EB0-3A8A-494C-9D4B-BFCE7283E327}.Debug|Any CPU.Build.0 = Debug|Any CPU
		{D47A0EB0-3A8A-494C-9D4B-BFCE7283E327}.Debug|x64.ActiveCfg = Debug|Any CPU
		{D47A0EB0-3A8A-494C-9D4B-BFCE7283E327}.Debug|x64.Build.0 = Debug|Any CPU
		{D47A0EB0-3A8A-494C-9D4B-BFCE7283E327}.Debug|x86.ActiveCfg = Debug|Any CPU
		{D47A0EB0-3A8A-494C-9D4B-BFCE7283E327}.Debug|x86.Build.0 = Debug|Any CPU
		{D47A0EB0-3A8A-494C-9D4B-BFCE7283E327}.Release|Any CPU.ActiveCfg = Release|Any CPU
		{D47A0EB0-3A8A-494C-9D4B-BFCE7283E327}.Release|Any CPU.Build.0 = Release|Any CPU
		{D47A0EB0-3A8A-494C-9D4B-BFCE7283E327}.Release|x64.ActiveCfg = Release|Any CPU
		{D47A0EB0-3A8A-494C-9D4B-BFCE7283E327}.Release|x64.Build.0 = Release|Any CPU
		{D47A0EB0-3A8A-494C-9D4B-BFCE7283E327}.Release|x86.ActiveCfg = Release|Any CPU
		{D47A0EB0-3A8A-494C-9D4B-BFCE7283E327}.Release|x86.Build.0 = Release|Any CPU
		{E9AFBAF5-0730-491F-A43E-7627479D6F8D}.Debug|Any CPU.ActiveCfg = Debug|Any CPU
		{E9AFBAF5-0730-491F-A43E-7627479D6F8D}.Debug|Any CPU.Build.0 = Debug|Any CPU
		{E9AFBAF5-0730-491F-A43E-7627479D6F8D}.Debug|x64.ActiveCfg = Debug|Any CPU
		{E9AFBAF5-0730-491F-A43E-7627479D6F8D}.Debug|x64.Build.0 = Debug|Any CPU
		{E9AFBAF5-0730-491F-A43E-7627479D6F8D}.Debug|x86.ActiveCfg = Debug|Any CPU
		{E9AFBAF5-0730-491F-A43E-7627479D6F8D}.Debug|x86.Build.0 = Debug|Any CPU
		{E9AFBAF5-0730-491F-A43E-7627479D6F8D}.Release|Any CPU.ActiveCfg = Release|Any CPU
		{E9AFBAF5-0730-491F-A43E-7627479D6F8D}.Release|Any CPU.Build.0 = Release|Any CPU
		{E9AFBAF5-0730-491F-A43E-7627479D6F8D}.Release|x64.ActiveCfg = Release|Any CPU
		{E9AFBAF5-0730-491F-A43E-7627479D6F8D}.Release|x64.Build.0 = Release|Any CPU
		{E9AFBAF5-0730-491F-A43E-7627479D6F8D}.Release|x86.ActiveCfg = Release|Any CPU
		{E9AFBAF5-0730-491F-A43E-7627479D6F8D}.Release|x86.Build.0 = Release|Any CPU
		{F9A0F171-82B2-4EE7-9032-313FACF4DFB8}.Debug|Any CPU.ActiveCfg = Debug|Any CPU
		{F9A0F171-82B2-4EE7-9032-313FACF4DFB8}.Debug|Any CPU.Build.0 = Debug|Any CPU
		{F9A0F171-82B2-4EE7-9032-313FACF4DFB8}.Debug|x64.ActiveCfg = Debug|Any CPU
		{F9A0F171-82B2-4EE7-9032-313FACF4DFB8}.Debug|x64.Build.0 = Debug|Any CPU
		{F9A0F171-82B2-4EE7-9032-313FACF4DFB8}.Debug|x86.ActiveCfg = Debug|Any CPU
		{F9A0F171-82B2-4EE7-9032-313FACF4DFB8}.Debug|x86.Build.0 = Debug|Any CPU
		{F9A0F171-82B2-4EE7-9032-313FACF4DFB8}.Release|Any CPU.ActiveCfg = Release|Any CPU
		{F9A0F171-82B2-4EE7-9032-313FACF4DFB8}.Release|Any CPU.Build.0 = Release|Any CPU
		{F9A0F171-82B2-4EE7-9032-313FACF4DFB8}.Release|x64.ActiveCfg = Release|Any CPU
		{F9A0F171-82B2-4EE7-9032-313FACF4DFB8}.Release|x64.Build.0 = Release|Any CPU
		{F9A0F171-82B2-4EE7-9032-313FACF4DFB8}.Release|x86.ActiveCfg = Release|Any CPU
		{F9A0F171-82B2-4EE7-9032-313FACF4DFB8}.Release|x86.Build.0 = Release|Any CPU
		{BC0E197F-0339-4494-B34D-1F26F2E5477C}.Debug|Any CPU.ActiveCfg = Debug|Any CPU
		{BC0E197F-0339-4494-B34D-1F26F2E5477C}.Debug|Any CPU.Build.0 = Debug|Any CPU
		{BC0E197F-0339-4494-B34D-1F26F2E5477C}.Debug|x64.ActiveCfg = Debug|Any CPU
		{BC0E197F-0339-4494-B34D-1F26F2E5477C}.Debug|x64.Build.0 = Debug|Any CPU
		{BC0E197F-0339-4494-B34D-1F26F2E5477C}.Debug|x86.ActiveCfg = Debug|Any CPU
		{BC0E197F-0339-4494-B34D-1F26F2E5477C}.Debug|x86.Build.0 = Debug|Any CPU
		{BC0E197F-0339-4494-B34D-1F26F2E5477C}.Release|Any CPU.ActiveCfg = Release|Any CPU
		{BC0E197F-0339-4494-B34D-1F26F2E5477C}.Release|Any CPU.Build.0 = Release|Any CPU
		{BC0E197F-0339-4494-B34D-1F26F2E5477C}.Release|x64.ActiveCfg = Release|Any CPU
		{BC0E197F-0339-4494-B34D-1F26F2E5477C}.Release|x64.Build.0 = Release|Any CPU
		{BC0E197F-0339-4494-B34D-1F26F2E5477C}.Release|x86.ActiveCfg = Release|Any CPU
		{BC0E197F-0339-4494-B34D-1F26F2E5477C}.Release|x86.Build.0 = Release|Any CPU
		{BA28663F-5C38-44AA-9408-E853F232C822}.Debug|Any CPU.ActiveCfg = Debug|Any CPU
		{BA28663F-5C38-44AA-9408-E853F232C822}.Debug|Any CPU.Build.0 = Debug|Any CPU
		{BA28663F-5C38-44AA-9408-E853F232C822}.Debug|x64.ActiveCfg = Debug|Any CPU
		{BA28663F-5C38-44AA-9408-E853F232C822}.Debug|x64.Build.0 = Debug|Any CPU
		{BA28663F-5C38-44AA-9408-E853F232C822}.Debug|x86.ActiveCfg = Debug|Any CPU
		{BA28663F-5C38-44AA-9408-E853F232C822}.Debug|x86.Build.0 = Debug|Any CPU
		{BA28663F-5C38-44AA-9408-E853F232C822}.Release|Any CPU.ActiveCfg = Release|Any CPU
		{BA28663F-5C38-44AA-9408-E853F232C822}.Release|Any CPU.Build.0 = Release|Any CPU
		{BA28663F-5C38-44AA-9408-E853F232C822}.Release|x64.ActiveCfg = Release|Any CPU
		{BA28663F-5C38-44AA-9408-E853F232C822}.Release|x64.Build.0 = Release|Any CPU
		{BA28663F-5C38-44AA-9408-E853F232C822}.Release|x86.ActiveCfg = Release|Any CPU
		{BA28663F-5C38-44AA-9408-E853F232C822}.Release|x86.Build.0 = Release|Any CPU
		{87D84F71-E3C5-4C17-AD96-F0574F45E6F8}.Debug|Any CPU.ActiveCfg = Debug|Any CPU
		{87D84F71-E3C5-4C17-AD96-F0574F45E6F8}.Debug|Any CPU.Build.0 = Debug|Any CPU
		{87D84F71-E3C5-4C17-AD96-F0574F45E6F8}.Debug|x64.ActiveCfg = Debug|Any CPU
		{87D84F71-E3C5-4C17-AD96-F0574F45E6F8}.Debug|x64.Build.0 = Debug|Any CPU
		{87D84F71-E3C5-4C17-AD96-F0574F45E6F8}.Debug|x86.ActiveCfg = Debug|Any CPU
		{87D84F71-E3C5-4C17-AD96-F0574F45E6F8}.Debug|x86.Build.0 = Debug|Any CPU
		{87D84F71-E3C5-4C17-AD96-F0574F45E6F8}.Release|Any CPU.ActiveCfg = Release|Any CPU
		{87D84F71-E3C5-4C17-AD96-F0574F45E6F8}.Release|Any CPU.Build.0 = Release|Any CPU
		{87D84F71-E3C5-4C17-AD96-F0574F45E6F8}.Release|x64.ActiveCfg = Release|Any CPU
		{87D84F71-E3C5-4C17-AD96-F0574F45E6F8}.Release|x64.Build.0 = Release|Any CPU
		{87D84F71-E3C5-4C17-AD96-F0574F45E6F8}.Release|x86.ActiveCfg = Release|Any CPU
		{87D84F71-E3C5-4C17-AD96-F0574F45E6F8}.Release|x86.Build.0 = Release|Any CPU
		{C2A6A89C-39D7-454B-A8EE-F2A49E49F673}.Debug|Any CPU.ActiveCfg = Debug|Any CPU
		{C2A6A89C-39D7-454B-A8EE-F2A49E49F673}.Debug|Any CPU.Build.0 = Debug|Any CPU
		{C2A6A89C-39D7-454B-A8EE-F2A49E49F673}.Debug|x64.ActiveCfg = Debug|Any CPU
		{C2A6A89C-39D7-454B-A8EE-F2A49E49F673}.Debug|x64.Build.0 = Debug|Any CPU
		{C2A6A89C-39D7-454B-A8EE-F2A49E49F673}.Debug|x86.ActiveCfg = Debug|Any CPU
		{C2A6A89C-39D7-454B-A8EE-F2A49E49F673}.Debug|x86.Build.0 = Debug|Any CPU
		{C2A6A89C-39D7-454B-A8EE-F2A49E49F673}.Release|Any CPU.ActiveCfg = Release|Any CPU
		{C2A6A89C-39D7-454B-A8EE-F2A49E49F673}.Release|Any CPU.Build.0 = Release|Any CPU
		{C2A6A89C-39D7-454B-A8EE-F2A49E49F673}.Release|x64.ActiveCfg = Release|Any CPU
		{C2A6A89C-39D7-454B-A8EE-F2A49E49F673}.Release|x64.Build.0 = Release|Any CPU
		{C2A6A89C-39D7-454B-A8EE-F2A49E49F673}.Release|x86.ActiveCfg = Release|Any CPU
		{C2A6A89C-39D7-454B-A8EE-F2A49E49F673}.Release|x86.Build.0 = Release|Any CPU
		{7B556151-40D8-423E-B7F6-5407487CD656}.Debug|Any CPU.ActiveCfg = Debug|Any CPU
		{7B556151-40D8-423E-B7F6-5407487CD656}.Debug|Any CPU.Build.0 = Debug|Any CPU
		{7B556151-40D8-423E-B7F6-5407487CD656}.Debug|x64.ActiveCfg = Debug|Any CPU
		{7B556151-40D8-423E-B7F6-5407487CD656}.Debug|x64.Build.0 = Debug|Any CPU
		{7B556151-40D8-423E-B7F6-5407487CD656}.Debug|x86.ActiveCfg = Debug|Any CPU
		{7B556151-40D8-423E-B7F6-5407487CD656}.Debug|x86.Build.0 = Debug|Any CPU
		{7B556151-40D8-423E-B7F6-5407487CD656}.Release|Any CPU.ActiveCfg = Release|Any CPU
		{7B556151-40D8-423E-B7F6-5407487CD656}.Release|Any CPU.Build.0 = Release|Any CPU
		{7B556151-40D8-423E-B7F6-5407487CD656}.Release|x64.ActiveCfg = Release|Any CPU
		{7B556151-40D8-423E-B7F6-5407487CD656}.Release|x64.Build.0 = Release|Any CPU
		{7B556151-40D8-423E-B7F6-5407487CD656}.Release|x86.ActiveCfg = Release|Any CPU
		{7B556151-40D8-423E-B7F6-5407487CD656}.Release|x86.Build.0 = Release|Any CPU
		{93B5027A-3B62-4F35-8584-F435206E86BF}.Debug|Any CPU.ActiveCfg = Debug|Any CPU
		{93B5027A-3B62-4F35-8584-F435206E86BF}.Debug|Any CPU.Build.0 = Debug|Any CPU
		{93B5027A-3B62-4F35-8584-F435206E86BF}.Debug|x64.ActiveCfg = Debug|Any CPU
		{93B5027A-3B62-4F35-8584-F435206E86BF}.Debug|x64.Build.0 = Debug|Any CPU
		{93B5027A-3B62-4F35-8584-F435206E86BF}.Debug|x86.ActiveCfg = Debug|Any CPU
		{93B5027A-3B62-4F35-8584-F435206E86BF}.Debug|x86.Build.0 = Debug|Any CPU
		{93B5027A-3B62-4F35-8584-F435206E86BF}.Release|Any CPU.ActiveCfg = Release|Any CPU
		{93B5027A-3B62-4F35-8584-F435206E86BF}.Release|Any CPU.Build.0 = Release|Any CPU
		{93B5027A-3B62-4F35-8584-F435206E86BF}.Release|x64.ActiveCfg = Release|Any CPU
		{93B5027A-3B62-4F35-8584-F435206E86BF}.Release|x64.Build.0 = Release|Any CPU
		{93B5027A-3B62-4F35-8584-F435206E86BF}.Release|x86.ActiveCfg = Release|Any CPU
		{93B5027A-3B62-4F35-8584-F435206E86BF}.Release|x86.Build.0 = Release|Any CPU
		{9AF66244-EBCE-422C-B0D5-98716A47F30E}.Debug|Any CPU.ActiveCfg = Debug|Any CPU
		{9AF66244-EBCE-422C-B0D5-98716A47F30E}.Debug|Any CPU.Build.0 = Debug|Any CPU
		{9AF66244-EBCE-422C-B0D5-98716A47F30E}.Debug|x64.ActiveCfg = Debug|Any CPU
		{9AF66244-EBCE-422C-B0D5-98716A47F30E}.Debug|x64.Build.0 = Debug|Any CPU
		{9AF66244-EBCE-422C-B0D5-98716A47F30E}.Debug|x86.ActiveCfg = Debug|Any CPU
		{9AF66244-EBCE-422C-B0D5-98716A47F30E}.Debug|x86.Build.0 = Debug|Any CPU
		{9AF66244-EBCE-422C-B0D5-98716A47F30E}.Release|Any CPU.ActiveCfg = Release|Any CPU
		{9AF66244-EBCE-422C-B0D5-98716A47F30E}.Release|Any CPU.Build.0 = Release|Any CPU
		{9AF66244-EBCE-422C-B0D5-98716A47F30E}.Release|x64.ActiveCfg = Release|Any CPU
		{9AF66244-EBCE-422C-B0D5-98716A47F30E}.Release|x64.Build.0 = Release|Any CPU
		{9AF66244-EBCE-422C-B0D5-98716A47F30E}.Release|x86.ActiveCfg = Release|Any CPU
		{9AF66244-EBCE-422C-B0D5-98716A47F30E}.Release|x86.Build.0 = Release|Any CPU
		{99B4EA5E-79F8-46F9-9AA2-B5832E5F41C9}.Debug|Any CPU.ActiveCfg = Debug|Any CPU
		{99B4EA5E-79F8-46F9-9AA2-B5832E5F41C9}.Debug|Any CPU.Build.0 = Debug|Any CPU
		{99B4EA5E-79F8-46F9-9AA2-B5832E5F41C9}.Debug|x64.ActiveCfg = Debug|Any CPU
		{99B4EA5E-79F8-46F9-9AA2-B5832E5F41C9}.Debug|x64.Build.0 = Debug|Any CPU
		{99B4EA5E-79F8-46F9-9AA2-B5832E5F41C9}.Debug|x86.ActiveCfg = Debug|Any CPU
		{99B4EA5E-79F8-46F9-9AA2-B5832E5F41C9}.Debug|x86.Build.0 = Debug|Any CPU
		{99B4EA5E-79F8-46F9-9AA2-B5832E5F41C9}.Release|Any CPU.ActiveCfg = Release|Any CPU
		{99B4EA5E-79F8-46F9-9AA2-B5832E5F41C9}.Release|Any CPU.Build.0 = Release|Any CPU
		{99B4EA5E-79F8-46F9-9AA2-B5832E5F41C9}.Release|x64.ActiveCfg = Release|Any CPU
		{99B4EA5E-79F8-46F9-9AA2-B5832E5F41C9}.Release|x64.Build.0 = Release|Any CPU
		{99B4EA5E-79F8-46F9-9AA2-B5832E5F41C9}.Release|x86.ActiveCfg = Release|Any CPU
		{99B4EA5E-79F8-46F9-9AA2-B5832E5F41C9}.Release|x86.Build.0 = Release|Any CPU
		{34518D01-08B6-4AC2-8C30-4F84529DB9A1}.Debug|Any CPU.ActiveCfg = Debug|Any CPU
		{34518D01-08B6-4AC2-8C30-4F84529DB9A1}.Debug|Any CPU.Build.0 = Debug|Any CPU
		{34518D01-08B6-4AC2-8C30-4F84529DB9A1}.Debug|x64.ActiveCfg = Debug|Any CPU
		{34518D01-08B6-4AC2-8C30-4F84529DB9A1}.Debug|x64.Build.0 = Debug|Any CPU
		{34518D01-08B6-4AC2-8C30-4F84529DB9A1}.Debug|x86.ActiveCfg = Debug|Any CPU
		{34518D01-08B6-4AC2-8C30-4F84529DB9A1}.Debug|x86.Build.0 = Debug|Any CPU
		{34518D01-08B6-4AC2-8C30-4F84529DB9A1}.Release|Any CPU.ActiveCfg = Release|Any CPU
		{34518D01-08B6-4AC2-8C30-4F84529DB9A1}.Release|Any CPU.Build.0 = Release|Any CPU
		{34518D01-08B6-4AC2-8C30-4F84529DB9A1}.Release|x64.ActiveCfg = Release|Any CPU
		{34518D01-08B6-4AC2-8C30-4F84529DB9A1}.Release|x64.Build.0 = Release|Any CPU
		{34518D01-08B6-4AC2-8C30-4F84529DB9A1}.Release|x86.ActiveCfg = Release|Any CPU
		{34518D01-08B6-4AC2-8C30-4F84529DB9A1}.Release|x86.Build.0 = Release|Any CPU
		{3541E488-41FF-43DA-A9EC-25E92E6D5C26}.Debug|Any CPU.ActiveCfg = Debug|Any CPU
		{3541E488-41FF-43DA-A9EC-25E92E6D5C26}.Debug|Any CPU.Build.0 = Debug|Any CPU
		{3541E488-41FF-43DA-A9EC-25E92E6D5C26}.Debug|x64.ActiveCfg = Debug|Any CPU
		{3541E488-41FF-43DA-A9EC-25E92E6D5C26}.Debug|x64.Build.0 = Debug|Any CPU
		{3541E488-41FF-43DA-A9EC-25E92E6D5C26}.Debug|x86.ActiveCfg = Debug|Any CPU
		{3541E488-41FF-43DA-A9EC-25E92E6D5C26}.Debug|x86.Build.0 = Debug|Any CPU
		{3541E488-41FF-43DA-A9EC-25E92E6D5C26}.Release|Any CPU.ActiveCfg = Release|Any CPU
		{3541E488-41FF-43DA-A9EC-25E92E6D5C26}.Release|Any CPU.Build.0 = Release|Any CPU
		{3541E488-41FF-43DA-A9EC-25E92E6D5C26}.Release|x64.ActiveCfg = Release|Any CPU
		{3541E488-41FF-43DA-A9EC-25E92E6D5C26}.Release|x64.Build.0 = Release|Any CPU
		{3541E488-41FF-43DA-A9EC-25E92E6D5C26}.Release|x86.ActiveCfg = Release|Any CPU
		{3541E488-41FF-43DA-A9EC-25E92E6D5C26}.Release|x86.Build.0 = Release|Any CPU
		{1008AEC9-8BAE-4D78-AD1A-9E1BD2565C8D}.Debug|Any CPU.ActiveCfg = Debug|Any CPU
		{1008AEC9-8BAE-4D78-AD1A-9E1BD2565C8D}.Debug|Any CPU.Build.0 = Debug|Any CPU
		{1008AEC9-8BAE-4D78-AD1A-9E1BD2565C8D}.Debug|x64.ActiveCfg = Debug|Any CPU
		{1008AEC9-8BAE-4D78-AD1A-9E1BD2565C8D}.Debug|x64.Build.0 = Debug|Any CPU
		{1008AEC9-8BAE-4D78-AD1A-9E1BD2565C8D}.Debug|x86.ActiveCfg = Debug|Any CPU
		{1008AEC9-8BAE-4D78-AD1A-9E1BD2565C8D}.Debug|x86.Build.0 = Debug|Any CPU
		{1008AEC9-8BAE-4D78-AD1A-9E1BD2565C8D}.Release|Any CPU.ActiveCfg = Release|Any CPU
		{1008AEC9-8BAE-4D78-AD1A-9E1BD2565C8D}.Release|Any CPU.Build.0 = Release|Any CPU
		{1008AEC9-8BAE-4D78-AD1A-9E1BD2565C8D}.Release|x64.ActiveCfg = Release|Any CPU
		{1008AEC9-8BAE-4D78-AD1A-9E1BD2565C8D}.Release|x64.Build.0 = Release|Any CPU
		{1008AEC9-8BAE-4D78-AD1A-9E1BD2565C8D}.Release|x86.ActiveCfg = Release|Any CPU
		{1008AEC9-8BAE-4D78-AD1A-9E1BD2565C8D}.Release|x86.Build.0 = Release|Any CPU
		{BA40D5EA-8BB7-4BC8-9975-6EFE3C977CFA}.Debug|Any CPU.ActiveCfg = Debug|Any CPU
		{BA40D5EA-8BB7-4BC8-9975-6EFE3C977CFA}.Debug|Any CPU.Build.0 = Debug|Any CPU
		{BA40D5EA-8BB7-4BC8-9975-6EFE3C977CFA}.Debug|x64.ActiveCfg = Debug|Any CPU
		{BA40D5EA-8BB7-4BC8-9975-6EFE3C977CFA}.Debug|x64.Build.0 = Debug|Any CPU
		{BA40D5EA-8BB7-4BC8-9975-6EFE3C977CFA}.Debug|x86.ActiveCfg = Debug|Any CPU
		{BA40D5EA-8BB7-4BC8-9975-6EFE3C977CFA}.Debug|x86.Build.0 = Debug|Any CPU
		{BA40D5EA-8BB7-4BC8-9975-6EFE3C977CFA}.Release|Any CPU.ActiveCfg = Release|Any CPU
		{BA40D5EA-8BB7-4BC8-9975-6EFE3C977CFA}.Release|Any CPU.Build.0 = Release|Any CPU
		{BA40D5EA-8BB7-4BC8-9975-6EFE3C977CFA}.Release|x64.ActiveCfg = Release|Any CPU
		{BA40D5EA-8BB7-4BC8-9975-6EFE3C977CFA}.Release|x64.Build.0 = Release|Any CPU
		{BA40D5EA-8BB7-4BC8-9975-6EFE3C977CFA}.Release|x86.ActiveCfg = Release|Any CPU
		{BA40D5EA-8BB7-4BC8-9975-6EFE3C977CFA}.Release|x86.Build.0 = Release|Any CPU
		{F6FA779B-3A16-49A1-8D48-BEF51BF3382B}.Debug|Any CPU.ActiveCfg = Debug|Any CPU
		{F6FA779B-3A16-49A1-8D48-BEF51BF3382B}.Debug|Any CPU.Build.0 = Debug|Any CPU
		{F6FA779B-3A16-49A1-8D48-BEF51BF3382B}.Debug|x64.ActiveCfg = Debug|Any CPU
		{F6FA779B-3A16-49A1-8D48-BEF51BF3382B}.Debug|x64.Build.0 = Debug|Any CPU
		{F6FA779B-3A16-49A1-8D48-BEF51BF3382B}.Debug|x86.ActiveCfg = Debug|Any CPU
		{F6FA779B-3A16-49A1-8D48-BEF51BF3382B}.Debug|x86.Build.0 = Debug|Any CPU
		{F6FA779B-3A16-49A1-8D48-BEF51BF3382B}.Release|Any CPU.ActiveCfg = Release|Any CPU
		{F6FA779B-3A16-49A1-8D48-BEF51BF3382B}.Release|Any CPU.Build.0 = Release|Any CPU
		{F6FA779B-3A16-49A1-8D48-BEF51BF3382B}.Release|x64.ActiveCfg = Release|Any CPU
		{F6FA779B-3A16-49A1-8D48-BEF51BF3382B}.Release|x64.Build.0 = Release|Any CPU
		{F6FA779B-3A16-49A1-8D48-BEF51BF3382B}.Release|x86.ActiveCfg = Release|Any CPU
		{F6FA779B-3A16-49A1-8D48-BEF51BF3382B}.Release|x86.Build.0 = Release|Any CPU
		{5A15A236-4077-4F69-BAEA-0469EE2C3D38}.Debug|Any CPU.ActiveCfg = Debug|Any CPU
		{5A15A236-4077-4F69-BAEA-0469EE2C3D38}.Debug|Any CPU.Build.0 = Debug|Any CPU
		{5A15A236-4077-4F69-BAEA-0469EE2C3D38}.Debug|x64.ActiveCfg = Debug|Any CPU
		{5A15A236-4077-4F69-BAEA-0469EE2C3D38}.Debug|x64.Build.0 = Debug|Any CPU
		{5A15A236-4077-4F69-BAEA-0469EE2C3D38}.Debug|x86.ActiveCfg = Debug|Any CPU
		{5A15A236-4077-4F69-BAEA-0469EE2C3D38}.Debug|x86.Build.0 = Debug|Any CPU
		{5A15A236-4077-4F69-BAEA-0469EE2C3D38}.Release|Any CPU.ActiveCfg = Release|Any CPU
		{5A15A236-4077-4F69-BAEA-0469EE2C3D38}.Release|Any CPU.Build.0 = Release|Any CPU
		{5A15A236-4077-4F69-BAEA-0469EE2C3D38}.Release|x64.ActiveCfg = Release|Any CPU
		{5A15A236-4077-4F69-BAEA-0469EE2C3D38}.Release|x64.Build.0 = Release|Any CPU
		{5A15A236-4077-4F69-BAEA-0469EE2C3D38}.Release|x86.ActiveCfg = Release|Any CPU
		{5A15A236-4077-4F69-BAEA-0469EE2C3D38}.Release|x86.Build.0 = Release|Any CPU
		{9FB99647-F849-44D3-B64F-F59F66238509}.Debug|Any CPU.ActiveCfg = Debug|Any CPU
		{9FB99647-F849-44D3-B64F-F59F66238509}.Debug|Any CPU.Build.0 = Debug|Any CPU
		{9FB99647-F849-44D3-B64F-F59F66238509}.Debug|x64.ActiveCfg = Debug|Any CPU
		{9FB99647-F849-44D3-B64F-F59F66238509}.Debug|x64.Build.0 = Debug|Any CPU
		{9FB99647-F849-44D3-B64F-F59F66238509}.Debug|x86.ActiveCfg = Debug|Any CPU
		{9FB99647-F849-44D3-B64F-F59F66238509}.Debug|x86.Build.0 = Debug|Any CPU
		{9FB99647-F849-44D3-B64F-F59F66238509}.Release|Any CPU.ActiveCfg = Release|Any CPU
		{9FB99647-F849-44D3-B64F-F59F66238509}.Release|Any CPU.Build.0 = Release|Any CPU
		{9FB99647-F849-44D3-B64F-F59F66238509}.Release|x64.ActiveCfg = Release|Any CPU
		{9FB99647-F849-44D3-B64F-F59F66238509}.Release|x64.Build.0 = Release|Any CPU
		{9FB99647-F849-44D3-B64F-F59F66238509}.Release|x86.ActiveCfg = Release|Any CPU
		{9FB99647-F849-44D3-B64F-F59F66238509}.Release|x86.Build.0 = Release|Any CPU
		{A7AB78FA-3509-4E8B-897F-45D770C2690E}.Debug|Any CPU.ActiveCfg = Debug|Any CPU
		{A7AB78FA-3509-4E8B-897F-45D770C2690E}.Debug|Any CPU.Build.0 = Debug|Any CPU
		{A7AB78FA-3509-4E8B-897F-45D770C2690E}.Debug|x64.ActiveCfg = Debug|Any CPU
		{A7AB78FA-3509-4E8B-897F-45D770C2690E}.Debug|x64.Build.0 = Debug|Any CPU
		{A7AB78FA-3509-4E8B-897F-45D770C2690E}.Debug|x86.ActiveCfg = Debug|Any CPU
		{A7AB78FA-3509-4E8B-897F-45D770C2690E}.Debug|x86.Build.0 = Debug|Any CPU
		{A7AB78FA-3509-4E8B-897F-45D770C2690E}.Release|Any CPU.ActiveCfg = Release|Any CPU
		{A7AB78FA-3509-4E8B-897F-45D770C2690E}.Release|Any CPU.Build.0 = Release|Any CPU
		{A7AB78FA-3509-4E8B-897F-45D770C2690E}.Release|x64.ActiveCfg = Release|Any CPU
		{A7AB78FA-3509-4E8B-897F-45D770C2690E}.Release|x64.Build.0 = Release|Any CPU
		{A7AB78FA-3509-4E8B-897F-45D770C2690E}.Release|x86.ActiveCfg = Release|Any CPU
		{A7AB78FA-3509-4E8B-897F-45D770C2690E}.Release|x86.Build.0 = Release|Any CPU
		{B3679D47-835D-471F-8FA1-F663ECD8508E}.Debug|Any CPU.ActiveCfg = Debug|Any CPU
		{B3679D47-835D-471F-8FA1-F663ECD8508E}.Debug|Any CPU.Build.0 = Debug|Any CPU
		{B3679D47-835D-471F-8FA1-F663ECD8508E}.Debug|x64.ActiveCfg = Debug|Any CPU
		{B3679D47-835D-471F-8FA1-F663ECD8508E}.Debug|x64.Build.0 = Debug|Any CPU
		{B3679D47-835D-471F-8FA1-F663ECD8508E}.Debug|x86.ActiveCfg = Debug|Any CPU
		{B3679D47-835D-471F-8FA1-F663ECD8508E}.Debug|x86.Build.0 = Debug|Any CPU
		{B3679D47-835D-471F-8FA1-F663ECD8508E}.Release|Any CPU.ActiveCfg = Release|Any CPU
		{B3679D47-835D-471F-8FA1-F663ECD8508E}.Release|Any CPU.Build.0 = Release|Any CPU
		{B3679D47-835D-471F-8FA1-F663ECD8508E}.Release|x64.ActiveCfg = Release|Any CPU
		{B3679D47-835D-471F-8FA1-F663ECD8508E}.Release|x64.Build.0 = Release|Any CPU
		{B3679D47-835D-471F-8FA1-F663ECD8508E}.Release|x86.ActiveCfg = Release|Any CPU
		{B3679D47-835D-471F-8FA1-F663ECD8508E}.Release|x86.Build.0 = Release|Any CPU
		{34203111-0280-4A04-A925-D17F7481A005}.Debug|Any CPU.ActiveCfg = Debug|Any CPU
		{34203111-0280-4A04-A925-D17F7481A005}.Debug|Any CPU.Build.0 = Debug|Any CPU
		{34203111-0280-4A04-A925-D17F7481A005}.Debug|x64.ActiveCfg = Debug|Any CPU
		{34203111-0280-4A04-A925-D17F7481A005}.Debug|x64.Build.0 = Debug|Any CPU
		{34203111-0280-4A04-A925-D17F7481A005}.Debug|x86.ActiveCfg = Debug|Any CPU
		{34203111-0280-4A04-A925-D17F7481A005}.Debug|x86.Build.0 = Debug|Any CPU
		{34203111-0280-4A04-A925-D17F7481A005}.Release|Any CPU.ActiveCfg = Release|Any CPU
		{34203111-0280-4A04-A925-D17F7481A005}.Release|Any CPU.Build.0 = Release|Any CPU
		{34203111-0280-4A04-A925-D17F7481A005}.Release|x64.ActiveCfg = Release|Any CPU
		{34203111-0280-4A04-A925-D17F7481A005}.Release|x64.Build.0 = Release|Any CPU
		{34203111-0280-4A04-A925-D17F7481A005}.Release|x86.ActiveCfg = Release|Any CPU
		{34203111-0280-4A04-A925-D17F7481A005}.Release|x86.Build.0 = Release|Any CPU
		{D25D3820-F7E3-45DB-B0C8-E2B28BB878F7}.Debug|Any CPU.ActiveCfg = Debug|Any CPU
		{D25D3820-F7E3-45DB-B0C8-E2B28BB878F7}.Debug|Any CPU.Build.0 = Debug|Any CPU
		{D25D3820-F7E3-45DB-B0C8-E2B28BB878F7}.Debug|x64.ActiveCfg = Debug|Any CPU
		{D25D3820-F7E3-45DB-B0C8-E2B28BB878F7}.Debug|x64.Build.0 = Debug|Any CPU
		{D25D3820-F7E3-45DB-B0C8-E2B28BB878F7}.Debug|x86.ActiveCfg = Debug|Any CPU
		{D25D3820-F7E3-45DB-B0C8-E2B28BB878F7}.Debug|x86.Build.0 = Debug|Any CPU
		{D25D3820-F7E3-45DB-B0C8-E2B28BB878F7}.Release|Any CPU.ActiveCfg = Release|Any CPU
		{D25D3820-F7E3-45DB-B0C8-E2B28BB878F7}.Release|Any CPU.Build.0 = Release|Any CPU
		{D25D3820-F7E3-45DB-B0C8-E2B28BB878F7}.Release|x64.ActiveCfg = Release|Any CPU
		{D25D3820-F7E3-45DB-B0C8-E2B28BB878F7}.Release|x64.Build.0 = Release|Any CPU
		{D25D3820-F7E3-45DB-B0C8-E2B28BB878F7}.Release|x86.ActiveCfg = Release|Any CPU
		{D25D3820-F7E3-45DB-B0C8-E2B28BB878F7}.Release|x86.Build.0 = Release|Any CPU
		{42A0D72B-8C6F-41BA-A270-0536445C2C98}.Debug|Any CPU.ActiveCfg = Debug|Any CPU
		{42A0D72B-8C6F-41BA-A270-0536445C2C98}.Debug|Any CPU.Build.0 = Debug|Any CPU
		{42A0D72B-8C6F-41BA-A270-0536445C2C98}.Debug|x64.ActiveCfg = Debug|Any CPU
		{42A0D72B-8C6F-41BA-A270-0536445C2C98}.Debug|x64.Build.0 = Debug|Any CPU
		{42A0D72B-8C6F-41BA-A270-0536445C2C98}.Debug|x86.ActiveCfg = Debug|Any CPU
		{42A0D72B-8C6F-41BA-A270-0536445C2C98}.Debug|x86.Build.0 = Debug|Any CPU
		{42A0D72B-8C6F-41BA-A270-0536445C2C98}.Release|Any CPU.ActiveCfg = Release|Any CPU
		{42A0D72B-8C6F-41BA-A270-0536445C2C98}.Release|Any CPU.Build.0 = Release|Any CPU
		{42A0D72B-8C6F-41BA-A270-0536445C2C98}.Release|x64.ActiveCfg = Release|Any CPU
		{42A0D72B-8C6F-41BA-A270-0536445C2C98}.Release|x64.Build.0 = Release|Any CPU
		{42A0D72B-8C6F-41BA-A270-0536445C2C98}.Release|x86.ActiveCfg = Release|Any CPU
		{42A0D72B-8C6F-41BA-A270-0536445C2C98}.Release|x86.Build.0 = Release|Any CPU
		{DC516306-339A-45DD-B1FD-2E1C44F2FFF7}.Debug|Any CPU.ActiveCfg = Debug|Any CPU
		{DC516306-339A-45DD-B1FD-2E1C44F2FFF7}.Debug|Any CPU.Build.0 = Debug|Any CPU
		{DC516306-339A-45DD-B1FD-2E1C44F2FFF7}.Debug|x64.ActiveCfg = Debug|Any CPU
		{DC516306-339A-45DD-B1FD-2E1C44F2FFF7}.Debug|x64.Build.0 = Debug|Any CPU
		{DC516306-339A-45DD-B1FD-2E1C44F2FFF7}.Debug|x86.ActiveCfg = Debug|Any CPU
		{DC516306-339A-45DD-B1FD-2E1C44F2FFF7}.Debug|x86.Build.0 = Debug|Any CPU
		{DC516306-339A-45DD-B1FD-2E1C44F2FFF7}.Release|Any CPU.ActiveCfg = Release|Any CPU
		{DC516306-339A-45DD-B1FD-2E1C44F2FFF7}.Release|Any CPU.Build.0 = Release|Any CPU
		{DC516306-339A-45DD-B1FD-2E1C44F2FFF7}.Release|x64.ActiveCfg = Release|Any CPU
		{DC516306-339A-45DD-B1FD-2E1C44F2FFF7}.Release|x64.Build.0 = Release|Any CPU
		{DC516306-339A-45DD-B1FD-2E1C44F2FFF7}.Release|x86.ActiveCfg = Release|Any CPU
		{DC516306-339A-45DD-B1FD-2E1C44F2FFF7}.Release|x86.Build.0 = Release|Any CPU
		{334A6992-E038-4B82-BF71-355DF55C5FD9}.Debug|Any CPU.ActiveCfg = Debug|Any CPU
		{334A6992-E038-4B82-BF71-355DF55C5FD9}.Debug|Any CPU.Build.0 = Debug|Any CPU
		{334A6992-E038-4B82-BF71-355DF55C5FD9}.Debug|x64.ActiveCfg = Debug|Any CPU
		{334A6992-E038-4B82-BF71-355DF55C5FD9}.Debug|x64.Build.0 = Debug|Any CPU
		{334A6992-E038-4B82-BF71-355DF55C5FD9}.Debug|x86.ActiveCfg = Debug|Any CPU
		{334A6992-E038-4B82-BF71-355DF55C5FD9}.Debug|x86.Build.0 = Debug|Any CPU
		{334A6992-E038-4B82-BF71-355DF55C5FD9}.Release|Any CPU.ActiveCfg = Release|Any CPU
		{334A6992-E038-4B82-BF71-355DF55C5FD9}.Release|Any CPU.Build.0 = Release|Any CPU
		{334A6992-E038-4B82-BF71-355DF55C5FD9}.Release|x64.ActiveCfg = Release|Any CPU
		{334A6992-E038-4B82-BF71-355DF55C5FD9}.Release|x64.Build.0 = Release|Any CPU
		{334A6992-E038-4B82-BF71-355DF55C5FD9}.Release|x86.ActiveCfg = Release|Any CPU
		{334A6992-E038-4B82-BF71-355DF55C5FD9}.Release|x86.Build.0 = Release|Any CPU
		{67E73286-F94C-4020-A4D3-AB7EBA534AEA}.Debug|Any CPU.ActiveCfg = Debug|Any CPU
		{67E73286-F94C-4020-A4D3-AB7EBA534AEA}.Debug|Any CPU.Build.0 = Debug|Any CPU
		{67E73286-F94C-4020-A4D3-AB7EBA534AEA}.Debug|x64.ActiveCfg = Debug|Any CPU
		{67E73286-F94C-4020-A4D3-AB7EBA534AEA}.Debug|x64.Build.0 = Debug|Any CPU
		{67E73286-F94C-4020-A4D3-AB7EBA534AEA}.Debug|x86.ActiveCfg = Debug|Any CPU
		{67E73286-F94C-4020-A4D3-AB7EBA534AEA}.Debug|x86.Build.0 = Debug|Any CPU
		{67E73286-F94C-4020-A4D3-AB7EBA534AEA}.Release|Any CPU.ActiveCfg = Release|Any CPU
		{67E73286-F94C-4020-A4D3-AB7EBA534AEA}.Release|Any CPU.Build.0 = Release|Any CPU
		{67E73286-F94C-4020-A4D3-AB7EBA534AEA}.Release|x64.ActiveCfg = Release|Any CPU
		{67E73286-F94C-4020-A4D3-AB7EBA534AEA}.Release|x64.Build.0 = Release|Any CPU
		{67E73286-F94C-4020-A4D3-AB7EBA534AEA}.Release|x86.ActiveCfg = Release|Any CPU
		{67E73286-F94C-4020-A4D3-AB7EBA534AEA}.Release|x86.Build.0 = Release|Any CPU
		{BA600AFF-E339-4107-AABD-9B61C1D50BD6}.Debug|Any CPU.ActiveCfg = Debug|Any CPU
		{BA600AFF-E339-4107-AABD-9B61C1D50BD6}.Debug|Any CPU.Build.0 = Debug|Any CPU
		{BA600AFF-E339-4107-AABD-9B61C1D50BD6}.Debug|x64.ActiveCfg = Debug|Any CPU
		{BA600AFF-E339-4107-AABD-9B61C1D50BD6}.Debug|x64.Build.0 = Debug|Any CPU
		{BA600AFF-E339-4107-AABD-9B61C1D50BD6}.Debug|x86.ActiveCfg = Debug|Any CPU
		{BA600AFF-E339-4107-AABD-9B61C1D50BD6}.Debug|x86.Build.0 = Debug|Any CPU
		{BA600AFF-E339-4107-AABD-9B61C1D50BD6}.Release|Any CPU.ActiveCfg = Release|Any CPU
		{BA600AFF-E339-4107-AABD-9B61C1D50BD6}.Release|Any CPU.Build.0 = Release|Any CPU
		{BA600AFF-E339-4107-AABD-9B61C1D50BD6}.Release|x64.ActiveCfg = Release|Any CPU
		{BA600AFF-E339-4107-AABD-9B61C1D50BD6}.Release|x64.Build.0 = Release|Any CPU
		{BA600AFF-E339-4107-AABD-9B61C1D50BD6}.Release|x86.ActiveCfg = Release|Any CPU
		{BA600AFF-E339-4107-AABD-9B61C1D50BD6}.Release|x86.Build.0 = Release|Any CPU
		{3CBC28D4-8D32-4BBF-9734-E5409254C8B2}.Debug|Any CPU.ActiveCfg = Debug|Any CPU
		{3CBC28D4-8D32-4BBF-9734-E5409254C8B2}.Debug|Any CPU.Build.0 = Debug|Any CPU
		{3CBC28D4-8D32-4BBF-9734-E5409254C8B2}.Debug|x64.ActiveCfg = Debug|Any CPU
		{3CBC28D4-8D32-4BBF-9734-E5409254C8B2}.Debug|x64.Build.0 = Debug|Any CPU
		{3CBC28D4-8D32-4BBF-9734-E5409254C8B2}.Debug|x86.ActiveCfg = Debug|Any CPU
		{3CBC28D4-8D32-4BBF-9734-E5409254C8B2}.Debug|x86.Build.0 = Debug|Any CPU
		{3CBC28D4-8D32-4BBF-9734-E5409254C8B2}.Release|Any CPU.ActiveCfg = Release|Any CPU
		{3CBC28D4-8D32-4BBF-9734-E5409254C8B2}.Release|Any CPU.Build.0 = Release|Any CPU
		{3CBC28D4-8D32-4BBF-9734-E5409254C8B2}.Release|x64.ActiveCfg = Release|Any CPU
		{3CBC28D4-8D32-4BBF-9734-E5409254C8B2}.Release|x64.Build.0 = Release|Any CPU
		{3CBC28D4-8D32-4BBF-9734-E5409254C8B2}.Release|x86.ActiveCfg = Release|Any CPU
		{3CBC28D4-8D32-4BBF-9734-E5409254C8B2}.Release|x86.Build.0 = Release|Any CPU
		{FA6906DB-105F-4379-99C2-DF96B1582B1F}.Debug|Any CPU.ActiveCfg = Debug|Any CPU
		{FA6906DB-105F-4379-99C2-DF96B1582B1F}.Debug|Any CPU.Build.0 = Debug|Any CPU
		{FA6906DB-105F-4379-99C2-DF96B1582B1F}.Debug|x64.ActiveCfg = Debug|Any CPU
		{FA6906DB-105F-4379-99C2-DF96B1582B1F}.Debug|x64.Build.0 = Debug|Any CPU
		{FA6906DB-105F-4379-99C2-DF96B1582B1F}.Debug|x86.ActiveCfg = Debug|Any CPU
		{FA6906DB-105F-4379-99C2-DF96B1582B1F}.Debug|x86.Build.0 = Debug|Any CPU
		{FA6906DB-105F-4379-99C2-DF96B1582B1F}.Release|Any CPU.ActiveCfg = Release|Any CPU
		{FA6906DB-105F-4379-99C2-DF96B1582B1F}.Release|Any CPU.Build.0 = Release|Any CPU
		{FA6906DB-105F-4379-99C2-DF96B1582B1F}.Release|x64.ActiveCfg = Release|Any CPU
		{FA6906DB-105F-4379-99C2-DF96B1582B1F}.Release|x64.Build.0 = Release|Any CPU
		{FA6906DB-105F-4379-99C2-DF96B1582B1F}.Release|x86.ActiveCfg = Release|Any CPU
		{FA6906DB-105F-4379-99C2-DF96B1582B1F}.Release|x86.Build.0 = Release|Any CPU
		{D1597E4F-0422-48F1-874D-4662FF820072}.Debug|Any CPU.ActiveCfg = Debug|Any CPU
		{D1597E4F-0422-48F1-874D-4662FF820072}.Debug|Any CPU.Build.0 = Debug|Any CPU
		{D1597E4F-0422-48F1-874D-4662FF820072}.Debug|x64.ActiveCfg = Debug|Any CPU
		{D1597E4F-0422-48F1-874D-4662FF820072}.Debug|x64.Build.0 = Debug|Any CPU
		{D1597E4F-0422-48F1-874D-4662FF820072}.Debug|x86.ActiveCfg = Debug|Any CPU
		{D1597E4F-0422-48F1-874D-4662FF820072}.Debug|x86.Build.0 = Debug|Any CPU
		{D1597E4F-0422-48F1-874D-4662FF820072}.Release|Any CPU.ActiveCfg = Release|Any CPU
		{D1597E4F-0422-48F1-874D-4662FF820072}.Release|Any CPU.Build.0 = Release|Any CPU
		{D1597E4F-0422-48F1-874D-4662FF820072}.Release|x64.ActiveCfg = Release|Any CPU
		{D1597E4F-0422-48F1-874D-4662FF820072}.Release|x64.Build.0 = Release|Any CPU
		{D1597E4F-0422-48F1-874D-4662FF820072}.Release|x86.ActiveCfg = Release|Any CPU
		{D1597E4F-0422-48F1-874D-4662FF820072}.Release|x86.Build.0 = Release|Any CPU
		{DF721AB6-51C2-408A-B0E4-CBB6B74D2B16}.Debug|Any CPU.ActiveCfg = Debug|Any CPU
		{DF721AB6-51C2-408A-B0E4-CBB6B74D2B16}.Debug|Any CPU.Build.0 = Debug|Any CPU
		{DF721AB6-51C2-408A-B0E4-CBB6B74D2B16}.Debug|x64.ActiveCfg = Debug|Any CPU
		{DF721AB6-51C2-408A-B0E4-CBB6B74D2B16}.Debug|x64.Build.0 = Debug|Any CPU
		{DF721AB6-51C2-408A-B0E4-CBB6B74D2B16}.Debug|x86.ActiveCfg = Debug|Any CPU
		{DF721AB6-51C2-408A-B0E4-CBB6B74D2B16}.Debug|x86.Build.0 = Debug|Any CPU
		{DF721AB6-51C2-408A-B0E4-CBB6B74D2B16}.Release|Any CPU.ActiveCfg = Release|Any CPU
		{DF721AB6-51C2-408A-B0E4-CBB6B74D2B16}.Release|Any CPU.Build.0 = Release|Any CPU
		{DF721AB6-51C2-408A-B0E4-CBB6B74D2B16}.Release|x64.ActiveCfg = Release|Any CPU
		{DF721AB6-51C2-408A-B0E4-CBB6B74D2B16}.Release|x64.Build.0 = Release|Any CPU
		{DF721AB6-51C2-408A-B0E4-CBB6B74D2B16}.Release|x86.ActiveCfg = Release|Any CPU
		{DF721AB6-51C2-408A-B0E4-CBB6B74D2B16}.Release|x86.Build.0 = Release|Any CPU
		{54A7E60E-E34C-40D8-849D-0745D971F6A5}.Debug|Any CPU.ActiveCfg = Debug|Any CPU
		{54A7E60E-E34C-40D8-849D-0745D971F6A5}.Debug|Any CPU.Build.0 = Debug|Any CPU
		{54A7E60E-E34C-40D8-849D-0745D971F6A5}.Debug|x64.ActiveCfg = Debug|Any CPU
		{54A7E60E-E34C-40D8-849D-0745D971F6A5}.Debug|x64.Build.0 = Debug|Any CPU
		{54A7E60E-E34C-40D8-849D-0745D971F6A5}.Debug|x86.ActiveCfg = Debug|Any CPU
		{54A7E60E-E34C-40D8-849D-0745D971F6A5}.Debug|x86.Build.0 = Debug|Any CPU
		{54A7E60E-E34C-40D8-849D-0745D971F6A5}.Release|Any CPU.ActiveCfg = Release|Any CPU
		{54A7E60E-E34C-40D8-849D-0745D971F6A5}.Release|Any CPU.Build.0 = Release|Any CPU
		{54A7E60E-E34C-40D8-849D-0745D971F6A5}.Release|x64.ActiveCfg = Release|Any CPU
		{54A7E60E-E34C-40D8-849D-0745D971F6A5}.Release|x64.Build.0 = Release|Any CPU
		{54A7E60E-E34C-40D8-849D-0745D971F6A5}.Release|x86.ActiveCfg = Release|Any CPU
		{54A7E60E-E34C-40D8-849D-0745D971F6A5}.Release|x86.Build.0 = Release|Any CPU
		{9E1D9B1E-BF4B-439F-9803-EC818C8E0640}.Debug|Any CPU.ActiveCfg = Debug|Any CPU
		{9E1D9B1E-BF4B-439F-9803-EC818C8E0640}.Debug|Any CPU.Build.0 = Debug|Any CPU
		{9E1D9B1E-BF4B-439F-9803-EC818C8E0640}.Debug|x64.ActiveCfg = Debug|Any CPU
		{9E1D9B1E-BF4B-439F-9803-EC818C8E0640}.Debug|x64.Build.0 = Debug|Any CPU
		{9E1D9B1E-BF4B-439F-9803-EC818C8E0640}.Debug|x86.ActiveCfg = Debug|Any CPU
		{9E1D9B1E-BF4B-439F-9803-EC818C8E0640}.Debug|x86.Build.0 = Debug|Any CPU
		{9E1D9B1E-BF4B-439F-9803-EC818C8E0640}.Release|Any CPU.ActiveCfg = Release|Any CPU
		{9E1D9B1E-BF4B-439F-9803-EC818C8E0640}.Release|Any CPU.Build.0 = Release|Any CPU
		{9E1D9B1E-BF4B-439F-9803-EC818C8E0640}.Release|x64.ActiveCfg = Release|Any CPU
		{9E1D9B1E-BF4B-439F-9803-EC818C8E0640}.Release|x64.Build.0 = Release|Any CPU
		{9E1D9B1E-BF4B-439F-9803-EC818C8E0640}.Release|x86.ActiveCfg = Release|Any CPU
		{9E1D9B1E-BF4B-439F-9803-EC818C8E0640}.Release|x86.Build.0 = Release|Any CPU
		{30A3BC65-429F-4AE6-BB1C-83432669879B}.Debug|Any CPU.ActiveCfg = Debug|Any CPU
		{30A3BC65-429F-4AE6-BB1C-83432669879B}.Debug|Any CPU.Build.0 = Debug|Any CPU
		{30A3BC65-429F-4AE6-BB1C-83432669879B}.Debug|x64.ActiveCfg = Debug|Any CPU
		{30A3BC65-429F-4AE6-BB1C-83432669879B}.Debug|x64.Build.0 = Debug|Any CPU
		{30A3BC65-429F-4AE6-BB1C-83432669879B}.Debug|x86.ActiveCfg = Debug|Any CPU
		{30A3BC65-429F-4AE6-BB1C-83432669879B}.Debug|x86.Build.0 = Debug|Any CPU
		{30A3BC65-429F-4AE6-BB1C-83432669879B}.Release|Any CPU.ActiveCfg = Release|Any CPU
		{30A3BC65-429F-4AE6-BB1C-83432669879B}.Release|Any CPU.Build.0 = Release|Any CPU
		{30A3BC65-429F-4AE6-BB1C-83432669879B}.Release|x64.ActiveCfg = Release|Any CPU
		{30A3BC65-429F-4AE6-BB1C-83432669879B}.Release|x64.Build.0 = Release|Any CPU
		{30A3BC65-429F-4AE6-BB1C-83432669879B}.Release|x86.ActiveCfg = Release|Any CPU
		{30A3BC65-429F-4AE6-BB1C-83432669879B}.Release|x86.Build.0 = Release|Any CPU
		{8CE09218-9558-4AE7-8C82-BD4C1C1168CD}.Debug|Any CPU.ActiveCfg = Debug|Any CPU
		{8CE09218-9558-4AE7-8C82-BD4C1C1168CD}.Debug|Any CPU.Build.0 = Debug|Any CPU
		{8CE09218-9558-4AE7-8C82-BD4C1C1168CD}.Debug|x64.ActiveCfg = Debug|Any CPU
		{8CE09218-9558-4AE7-8C82-BD4C1C1168CD}.Debug|x64.Build.0 = Debug|Any CPU
		{8CE09218-9558-4AE7-8C82-BD4C1C1168CD}.Debug|x86.ActiveCfg = Debug|Any CPU
		{8CE09218-9558-4AE7-8C82-BD4C1C1168CD}.Debug|x86.Build.0 = Debug|Any CPU
		{8CE09218-9558-4AE7-8C82-BD4C1C1168CD}.Release|Any CPU.ActiveCfg = Release|Any CPU
		{8CE09218-9558-4AE7-8C82-BD4C1C1168CD}.Release|Any CPU.Build.0 = Release|Any CPU
		{8CE09218-9558-4AE7-8C82-BD4C1C1168CD}.Release|x64.ActiveCfg = Release|Any CPU
		{8CE09218-9558-4AE7-8C82-BD4C1C1168CD}.Release|x64.Build.0 = Release|Any CPU
		{8CE09218-9558-4AE7-8C82-BD4C1C1168CD}.Release|x86.ActiveCfg = Release|Any CPU
		{8CE09218-9558-4AE7-8C82-BD4C1C1168CD}.Release|x86.Build.0 = Release|Any CPU
		{3DEFE698-C43F-4F0E-B574-5101A0467506}.Debug|Any CPU.ActiveCfg = Debug|Any CPU
		{3DEFE698-C43F-4F0E-B574-5101A0467506}.Debug|Any CPU.Build.0 = Debug|Any CPU
		{3DEFE698-C43F-4F0E-B574-5101A0467506}.Debug|x64.ActiveCfg = Debug|Any CPU
		{3DEFE698-C43F-4F0E-B574-5101A0467506}.Debug|x64.Build.0 = Debug|Any CPU
		{3DEFE698-C43F-4F0E-B574-5101A0467506}.Debug|x86.ActiveCfg = Debug|Any CPU
		{3DEFE698-C43F-4F0E-B574-5101A0467506}.Debug|x86.Build.0 = Debug|Any CPU
		{3DEFE698-C43F-4F0E-B574-5101A0467506}.Release|Any CPU.ActiveCfg = Release|Any CPU
		{3DEFE698-C43F-4F0E-B574-5101A0467506}.Release|Any CPU.Build.0 = Release|Any CPU
		{3DEFE698-C43F-4F0E-B574-5101A0467506}.Release|x64.ActiveCfg = Release|Any CPU
		{3DEFE698-C43F-4F0E-B574-5101A0467506}.Release|x64.Build.0 = Release|Any CPU
		{3DEFE698-C43F-4F0E-B574-5101A0467506}.Release|x86.ActiveCfg = Release|Any CPU
		{3DEFE698-C43F-4F0E-B574-5101A0467506}.Release|x86.Build.0 = Release|Any CPU
		{AA643832-B75D-45B8-9935-95E2C56B8DB6}.Debug|Any CPU.ActiveCfg = Debug|Any CPU
		{AA643832-B75D-45B8-9935-95E2C56B8DB6}.Debug|Any CPU.Build.0 = Debug|Any CPU
		{AA643832-B75D-45B8-9935-95E2C56B8DB6}.Debug|x64.ActiveCfg = Debug|Any CPU
		{AA643832-B75D-45B8-9935-95E2C56B8DB6}.Debug|x64.Build.0 = Debug|Any CPU
		{AA643832-B75D-45B8-9935-95E2C56B8DB6}.Debug|x86.ActiveCfg = Debug|Any CPU
		{AA643832-B75D-45B8-9935-95E2C56B8DB6}.Debug|x86.Build.0 = Debug|Any CPU
		{AA643832-B75D-45B8-9935-95E2C56B8DB6}.Release|Any CPU.ActiveCfg = Release|Any CPU
		{AA643832-B75D-45B8-9935-95E2C56B8DB6}.Release|Any CPU.Build.0 = Release|Any CPU
		{AA643832-B75D-45B8-9935-95E2C56B8DB6}.Release|x64.ActiveCfg = Release|Any CPU
		{AA643832-B75D-45B8-9935-95E2C56B8DB6}.Release|x64.Build.0 = Release|Any CPU
		{AA643832-B75D-45B8-9935-95E2C56B8DB6}.Release|x86.ActiveCfg = Release|Any CPU
		{AA643832-B75D-45B8-9935-95E2C56B8DB6}.Release|x86.Build.0 = Release|Any CPU
		{B9A51175-8215-4782-AAD1-61E1A609959D}.Debug|Any CPU.ActiveCfg = Debug|Any CPU
		{B9A51175-8215-4782-AAD1-61E1A609959D}.Debug|Any CPU.Build.0 = Debug|Any CPU
		{B9A51175-8215-4782-AAD1-61E1A609959D}.Debug|x64.ActiveCfg = Debug|Any CPU
		{B9A51175-8215-4782-AAD1-61E1A609959D}.Debug|x64.Build.0 = Debug|Any CPU
		{B9A51175-8215-4782-AAD1-61E1A609959D}.Debug|x86.ActiveCfg = Debug|Any CPU
		{B9A51175-8215-4782-AAD1-61E1A609959D}.Debug|x86.Build.0 = Debug|Any CPU
		{B9A51175-8215-4782-AAD1-61E1A609959D}.Release|Any CPU.ActiveCfg = Release|Any CPU
		{B9A51175-8215-4782-AAD1-61E1A609959D}.Release|Any CPU.Build.0 = Release|Any CPU
		{B9A51175-8215-4782-AAD1-61E1A609959D}.Release|x64.ActiveCfg = Release|Any CPU
		{B9A51175-8215-4782-AAD1-61E1A609959D}.Release|x64.Build.0 = Release|Any CPU
		{B9A51175-8215-4782-AAD1-61E1A609959D}.Release|x86.ActiveCfg = Release|Any CPU
		{B9A51175-8215-4782-AAD1-61E1A609959D}.Release|x86.Build.0 = Release|Any CPU
	EndGlobalSection
	GlobalSection(SolutionProperties) = preSolution
		HideSolutionNode = FALSE
	EndGlobalSection
	GlobalSection(NestedProjects) = preSolution
		{E0AD1809-C64F-3D39-45E0-E424261CE16D} = {827E0CD3-B72D-47B6-A68D-7590B98EB39B}
		{8CB31E60-3348-443B-90F8-7C8661D9E852} = {E0AD1809-C64F-3D39-45E0-E424261CE16D}
		{350EFD0C-C200-624F-5632-DFE8CC4028C5} = {E0AD1809-C64F-3D39-45E0-E424261CE16D}
		{D47A0EB0-3A8A-494C-9D4B-BFCE7283E327} = {350EFD0C-C200-624F-5632-DFE8CC4028C5}
		{E9AFBAF5-0730-491F-A43E-7627479D6F8D} = {350EFD0C-C200-624F-5632-DFE8CC4028C5}
		{70E9956B-3470-8432-5039-A81DB1F2C925} = {E0AD1809-C64F-3D39-45E0-E424261CE16D}
		{F9A0F171-82B2-4EE7-9032-313FACF4DFB8} = {70E9956B-3470-8432-5039-A81DB1F2C925}
		{BC0E197F-0339-4494-B34D-1F26F2E5477C} = {70E9956B-3470-8432-5039-A81DB1F2C925}
		{FCA8AEBA-C82E-8213-6DDE-2C4DE7FBF28D} = {E0AD1809-C64F-3D39-45E0-E424261CE16D}
		{BA28663F-5C38-44AA-9408-E853F232C822} = {FCA8AEBA-C82E-8213-6DDE-2C4DE7FBF28D}
		{C8AF7CE9-6C40-4FD3-91AE-2CD8D4D52734} = {E0AD1809-C64F-3D39-45E0-E424261CE16D}
		{87D84F71-E3C5-4C17-AD96-F0574F45E6F8} = {C8AF7CE9-6C40-4FD3-91AE-2CD8D4D52734}
		{71B26CA9-AFE7-F2E3-1AB1-CD956805BB92} = {E0AD1809-C64F-3D39-45E0-E424261CE16D}
		{C2A6A89C-39D7-454B-A8EE-F2A49E49F673} = {71B26CA9-AFE7-F2E3-1AB1-CD956805BB92}
		{0147BB3C-E680-3343-50D1-D5217CEA7937} = {E0AD1809-C64F-3D39-45E0-E424261CE16D}
		{7B556151-40D8-423E-B7F6-5407487CD656} = {0147BB3C-E680-3343-50D1-D5217CEA7937}
		{93B5027A-3B62-4F35-8584-F435206E86BF} = {0147BB3C-E680-3343-50D1-D5217CEA7937}
		{7DBA3115-775D-CEFB-93FD-24A148510556} = {E0AD1809-C64F-3D39-45E0-E424261CE16D}
		{9AF66244-EBCE-422C-B0D5-98716A47F30E} = {7DBA3115-775D-CEFB-93FD-24A148510556}
		{EC447DCF-ABFA-6E24-52A5-D7FD48A5C558} = {827E0CD3-B72D-47B6-A68D-7590B98EB39B}
		{0EC62A1A-9858-3A60-8A0C-FC9AACFA2EC7} = {EC447DCF-ABFA-6E24-52A5-D7FD48A5C558}
		{99B4EA5E-79F8-46F9-9AA2-B5832E5F41C9} = {0EC62A1A-9858-3A60-8A0C-FC9AACFA2EC7}
		{34518D01-08B6-4AC2-8C30-4F84529DB9A1} = {0EC62A1A-9858-3A60-8A0C-FC9AACFA2EC7}
		{3541E488-41FF-43DA-A9EC-25E92E6D5C26} = {0EC62A1A-9858-3A60-8A0C-FC9AACFA2EC7}
		{1008AEC9-8BAE-4D78-AD1A-9E1BD2565C8D} = {0EC62A1A-9858-3A60-8A0C-FC9AACFA2EC7}
		{BA40D5EA-8BB7-4BC8-9975-6EFE3C977CFA} = {0EC62A1A-9858-3A60-8A0C-FC9AACFA2EC7}
		{F6FA779B-3A16-49A1-8D48-BEF51BF3382B} = {0EC62A1A-9858-3A60-8A0C-FC9AACFA2EC7}
		{5A15A236-4077-4F69-BAEA-0469EE2C3D38} = {0EC62A1A-9858-3A60-8A0C-FC9AACFA2EC7}
		{6EE2CD8D-C202-701D-0106-19DABBDFA130} = {EC447DCF-ABFA-6E24-52A5-D7FD48A5C558}
		{9FB99647-F849-44D3-B64F-F59F66238509} = {6EE2CD8D-C202-701D-0106-19DABBDFA130}
		{A7AB78FA-3509-4E8B-897F-45D770C2690E} = {6EE2CD8D-C202-701D-0106-19DABBDFA130}
		{B3679D47-835D-471F-8FA1-F663ECD8508E} = {6EE2CD8D-C202-701D-0106-19DABBDFA130}
		{34203111-0280-4A04-A925-D17F7481A005} = {C8AF7CE9-6C40-4FD3-91AE-2CD8D4D52734}
		{D25D3820-F7E3-45DB-B0C8-E2B28BB878F7} = {C8AF7CE9-6C40-4FD3-91AE-2CD8D4D52734}
		{DC516306-339A-45DD-B1FD-2E1C44F2FFF7} = {71B26CA9-AFE7-F2E3-1AB1-CD956805BB92}
		{334A6992-E038-4B82-BF71-355DF55C5FD9} = {7DBA3115-775D-CEFB-93FD-24A148510556}
		{838FFFB0-8371-944A-DB78-25759711E3A7} = {EC447DCF-ABFA-6E24-52A5-D7FD48A5C558}
		{67E73286-F94C-4020-A4D3-AB7EBA534AEA} = {838FFFB0-8371-944A-DB78-25759711E3A7}
		{BA600AFF-E339-4107-AABD-9B61C1D50BD6} = {838FFFB0-8371-944A-DB78-25759711E3A7}
		{3CBC28D4-8D32-4BBF-9734-E5409254C8B2} = {838FFFB0-8371-944A-DB78-25759711E3A7}
		{FA6906DB-105F-4379-99C2-DF96B1582B1F} = {838FFFB0-8371-944A-DB78-25759711E3A7}
		{D1597E4F-0422-48F1-874D-4662FF820072} = {838FFFB0-8371-944A-DB78-25759711E3A7}
		{DF721AB6-51C2-408A-B0E4-CBB6B74D2B16} = {838FFFB0-8371-944A-DB78-25759711E3A7}
		{5E35BC7D-E51A-38DB-A0F0-9AEE80161522} = {E0AD1809-C64F-3D39-45E0-E424261CE16D}
		{54A7E60E-E34C-40D8-849D-0745D971F6A5} = {5E35BC7D-E51A-38DB-A0F0-9AEE80161522}
		{B6EAB335-21D8-972E-2001-BE8A6D353530} = {EC447DCF-ABFA-6E24-52A5-D7FD48A5C558}
		{9E1D9B1E-BF4B-439F-9803-EC818C8E0640} = {B6EAB335-21D8-972E-2001-BE8A6D353530}
		{30A3BC65-429F-4AE6-BB1C-83432669879B} = {B6EAB335-21D8-972E-2001-BE8A6D353530}
		{8CE09218-9558-4AE7-8C82-BD4C1C1168CD} = {B6EAB335-21D8-972E-2001-BE8A6D353530}
		{3DEFE698-C43F-4F0E-B574-5101A0467506} = {B6EAB335-21D8-972E-2001-BE8A6D353530}
		{AA643832-B75D-45B8-9935-95E2C56B8DB6} = {B6EAB335-21D8-972E-2001-BE8A6D353530}
		{B9A51175-8215-4782-AAD1-61E1A609959D} = {B6EAB335-21D8-972E-2001-BE8A6D353530}
	EndGlobalSection
EndGlobal
