
Microsoft Visual Studio Solution File, Format Version 12.00
# Visual Studio Version 17
VisualStudioVersion = 17.0.31903.59
MinimumVisualStudioVersion = 10.0.40219.1
Project("{2150E333-8FDC-42A3-9474-1A3956D46DE8}") = "src", "src", "{827E0CD3-B72D-47B6-A68D-7590B98EB39B}"
EndProject
Project("{2150E333-8FDC-42A3-9474-1A3956D46DE8}") = "framework", "framework", "{E0AD1809-C64F-3D39-45E0-E424261CE16D}"
EndProject
Project("{FAE04EC0-301F-11D3-BF4B-00C04F79EFBC}") = "Ramsha.Core", "src\framework\Ramsha.Core\Ramsha.Core.csproj", "{8CB31E60-3348-443B-90F8-7C8661D9E852}"
EndProject
Project("{FAE04EC0-301F-11D3-BF4B-00C04F79EFBC}") = "DemoApp", "DemoApp\DemoApp.csproj", "{160DC096-1434-44D7-A3AF-B60EB1D39B1F}"
EndProject
Project("{FAE04EC0-301F-11D3-BF4B-00C04F79EFBC}") = "DemoModule", "DemoModule\DemoModule.csproj", "{8513956E-E547-48B0-8646-779465D0993E}"
EndProject
Project("{2150E333-8FDC-42A3-9474-1A3956D46DE8}") = "aspnetcore", "aspnetcore", "{350EFD0C-C200-624F-5632-DFE8CC4028C5}"
EndProject
Project("{FAE04EC0-301F-11D3-BF4B-00C04F79EFBC}") = "Ramsha.AspNetCore", "src\framework\aspnetcore\Ramsha.AspNetCore\Ramsha.AspNetCore.csproj", "{D47A0EB0-3A8A-494C-9D4B-BFCE7283E327}"
EndProject
Project("{FAE04EC0-301F-11D3-BF4B-00C04F79EFBC}") = "Ramsha.AspNetCore.Mvc", "src\framework\aspnetcore\Ramsha.AspNetCore.Mvc\Ramsha.AspNetCore.Mvc.csproj", "{E9AFBAF5-0730-491F-A43E-7627479D6F8D}"
EndProject
Project("{2150E333-8FDC-42A3-9474-1A3956D46DE8}") = "messaging", "messaging", "{70E9956B-3470-8432-5039-A81DB1F2C925}"
EndProject
Project("{FAE04EC0-301F-11D3-BF4B-00C04F79EFBC}") = "Ramsha.LocalMessaging.Abstractions", "src\framework\messaging\Ramsha.LocalMessaging.Abstractions\Ramsha.LocalMessaging.Abstractions.csproj", "{F9A0F171-82B2-4EE7-9032-313FACF4DFB8}"
EndProject
Project("{FAE04EC0-301F-11D3-BF4B-00C04F79EFBC}") = "Ramsha.LocalMessaging", "src\framework\messaging\Ramsha.LocalMessaging\Ramsha.LocalMessaging.csproj", "{BC0E197F-0339-4494-B34D-1F26F2E5477C}"
EndProject
Project("{2150E333-8FDC-42A3-9474-1A3956D46DE8}") = "dependency-injection", "dependency-injection", "{FCA8AEBA-C82E-8213-6DDE-2C4DE7FBF28D}"
EndProject
Project("{FAE04EC0-301F-11D3-BF4B-00C04F79EFBC}") = "Ramsha.Autofac", "src\framework\dependency-injection\Ramsha.Autofac\Ramsha.Autofac.csproj", "{BA28663F-5C38-44AA-9408-E853F232C822}"
EndProject
Project("{2150E333-8FDC-42A3-9474-1A3956D46DE8}") = "common", "common", "{C8AF7CE9-6C40-4FD3-91AE-2CD8D4D52734}"
EndProject
Project("{FAE04EC0-301F-11D3-BF4B-00C04F79EFBC}") = "Ramsha.Domain", "src\framework\common\Ramsha.Domain\Ramsha.Domain.csproj", "{87D84F71-E3C5-4C17-AD96-F0574F45E6F8}"
EndProject
Project("{2150E333-8FDC-42A3-9474-1A3956D46DE8}") = "entity-framework-core", "entity-framework-core", "{71B26CA9-AFE7-F2E3-1AB1-CD956805BB92}"
EndProject
Project("{FAE04EC0-301F-11D3-BF4B-00C04F79EFBC}") = "Ramsha.EntityFrameworkCore", "src\framework\entity-framework-core\Ramsha.EntityFrameworkCore\Ramsha.EntityFrameworkCore.csproj", "{C2A6A89C-39D7-454B-A8EE-F2A49E49F673}"
EndProject
Project("{2150E333-8FDC-42A3-9474-1A3956D46DE8}") = "infrastructure", "infrastructure", "{0147BB3C-E680-3343-50D1-D5217CEA7937}"
EndProject
Project("{FAE04EC0-301F-11D3-BF4B-00C04F79EFBC}") = "Ramsha.UnitOfWork", "src\framework\infrastructure\Ramsha.UnitOfWork\Ramsha.UnitOfWork.csproj", "{7B556151-40D8-423E-B7F6-5407487CD656}"
EndProject
Project("{FAE04EC0-301F-11D3-BF4B-00C04F79EFBC}") = "Ramsha.UnitOfWork.Abstractions", "src\framework\infrastructure\Ramsha.UnitOfWork.Abstractions\Ramsha.UnitOfWork.Abstractions.csproj", "{93B5027A-3B62-4F35-8584-F435206E86BF}"
EndProject
Project("{2150E333-8FDC-42A3-9474-1A3956D46DE8}") = "security", "security", "{7DBA3115-775D-CEFB-93FD-24A148510556}"
EndProject
Project("{FAE04EC0-301F-11D3-BF4B-00C04F79EFBC}") = "Ramsha.Security", "src\framework\security\Ramsha.Security\Ramsha.Security.csproj", "{9AF66244-EBCE-422C-B0D5-98716A47F30E}"
EndProject
Project("{2150E333-8FDC-42A3-9474-1A3956D46DE8}") = "modules", "modules", "{EC447DCF-ABFA-6E24-52A5-D7FD48A5C558}"
EndProject
Project("{2150E333-8FDC-42A3-9474-1A3956D46DE8}") = "identity", "identity", "{0EC62A1A-9858-3A60-8A0C-FC9AACFA2EC7}"
EndProject
Project("{FAE04EC0-301F-11D3-BF4B-00C04F79EFBC}") = "Ramsha.Identity.Core", "src\modules\identity\Ramsha.Identity.Core\Ramsha.Identity.Core.csproj", "{99B4EA5E-79F8-46F9-9AA2-B5832E5F41C9}"
EndProject
Project("{FAE04EC0-301F-11D3-BF4B-00C04F79EFBC}") = "Ramsha.Identity.Domain", "src\modules\identity\Ramsha.Identity.Domain\Ramsha.Identity.Domain.csproj", "{34518D01-08B6-4AC2-8C30-4F84529DB9A1}"
EndProject
Project("{FAE04EC0-301F-11D3-BF4B-00C04F79EFBC}") = "Ramsha.Identity.Contracts", "src\modules\identity\Ramsha.Identity.Contracts\Ramsha.Identity.Contracts.csproj", "{3541E488-41FF-43DA-A9EC-25E92E6D5C26}"
EndProject
Project("{FAE04EC0-301F-11D3-BF4B-00C04F79EFBC}") = "Ramsha.Identity.Application", "src\modules\identity\Ramsha.Identity.Application\Ramsha.Identity.Application.csproj", "{1008AEC9-8BAE-4D78-AD1A-9E1BD2565C8D}"
EndProject
Project("{FAE04EC0-301F-11D3-BF4B-00C04F79EFBC}") = "Ramsha.Identity.Persistence", "src\modules\identity\Ramsha.Identity.Persistence\Ramsha.Identity.Persistence.csproj", "{BA40D5EA-8BB7-4BC8-9975-6EFE3C977CFA}"
EndProject
Project("{FAE04EC0-301F-11D3-BF4B-00C04F79EFBC}") = "Ramsha.Identity.Api", "src\modules\identity\Ramsha.Identity.Api\Ramsha.Identity.Api.csproj", "{F6FA779B-3A16-49A1-8D48-BEF51BF3382B}"
EndProject
Project("{FAE04EC0-301F-11D3-BF4B-00C04F79EFBC}") = "Ramsha.Identity.AspNetCore", "src\modules\identity\Ramsha.Identity.AspNetCore\Ramsha.Identity.AspNetCore.csproj", "{5A15A236-4077-4F69-BAEA-0469EE2C3D38}"
EndProject
Global
	GlobalSection(SolutionConfigurationPlatforms) = preSolution
		Debug|Any CPU = Debug|Any CPU
		Debug|x64 = Debug|x64
		Debug|x86 = Debug|x86
		Release|Any CPU = Release|Any CPU
		Release|x64 = Release|x64
		Release|x86 = Release|x86
	EndGlobalSection
	GlobalSection(ProjectConfigurationPlatforms) = postSolution
		{8CB31E60-3348-443B-90F8-7C8661D9E852}.Debug|Any CPU.ActiveCfg = Debug|Any CPU
		{8CB31E60-3348-443B-90F8-7C8661D9E852}.Debug|Any CPU.Build.0 = Debug|Any CPU
		{8CB31E60-3348-443B-90F8-7C8661D9E852}.Debug|x64.ActiveCfg = Debug|Any CPU
		{8CB31E60-3348-443B-90F8-7C8661D9E852}.Debug|x64.Build.0 = Debug|Any CPU
		{8CB31E60-3348-443B-90F8-7C8661D9E852}.Debug|x86.ActiveCfg = Debug|Any CPU
		{8CB31E60-3348-443B-90F8-7C8661D9E852}.Debug|x86.Build.0 = Debug|Any CPU
		{8CB31E60-3348-443B-90F8-7C8661D9E852}.Release|Any CPU.ActiveCfg = Release|Any CPU
		{8CB31E60-3348-443B-90F8-7C8661D9E852}.Release|Any CPU.Build.0 = Release|Any CPU
		{8CB31E60-3348-443B-90F8-7C8661D9E852}.Release|x64.ActiveCfg = Release|Any CPU
		{8CB31E60-3348-443B-90F8-7C8661D9E852}.Release|x64.Build.0 = Release|Any CPU
		{8CB31E60-3348-443B-90F8-7C8661D9E852}.Release|x86.ActiveCfg = Release|Any CPU
		{8CB31E60-3348-443B-90F8-7C8661D9E852}.Release|x86.Build.0 = Release|Any CPU
		{160DC096-1434-44D7-A3AF-B60EB1D39B1F}.Debug|Any CPU.ActiveCfg = Debug|Any CPU
		{160DC096-1434-44D7-A3AF-B60EB1D39B1F}.Debug|Any CPU.Build.0 = Debug|Any CPU
		{160DC096-1434-44D7-A3AF-B60EB1D39B1F}.Debug|x64.ActiveCfg = Debug|Any CPU
		{160DC096-1434-44D7-A3AF-B60EB1D39B1F}.Debug|x64.Build.0 = Debug|Any CPU
		{160DC096-1434-44D7-A3AF-B60EB1D39B1F}.Debug|x86.ActiveCfg = Debug|Any CPU
		{160DC096-1434-44D7-A3AF-B60EB1D39B1F}.Debug|x86.Build.0 = Debug|Any CPU
		{160DC096-1434-44D7-A3AF-B60EB1D39B1F}.Release|Any CPU.ActiveCfg = Release|Any CPU
		{160DC096-1434-44D7-A3AF-B60EB1D39B1F}.Release|Any CPU.Build.0 = Release|Any CPU
		{160DC096-1434-44D7-A3AF-B60EB1D39B1F}.Release|x64.ActiveCfg = Release|Any CPU
		{160DC096-1434-44D7-A3AF-B60EB1D39B1F}.Release|x64.Build.0 = Release|Any CPU
		{160DC096-1434-44D7-A3AF-B60EB1D39B1F}.Release|x86.ActiveCfg = Release|Any CPU
		{160DC096-1434-44D7-A3AF-B60EB1D39B1F}.Release|x86.Build.0 = Release|Any CPU
		{8513956E-E547-48B0-8646-779465D0993E}.Debug|Any CPU.ActiveCfg = Debug|Any CPU
		{8513956E-E547-48B0-8646-779465D0993E}.Debug|Any CPU.Build.0 = Debug|Any CPU
		{8513956E-E547-48B0-8646-779465D0993E}.Debug|x64.ActiveCfg = Debug|Any CPU
		{8513956E-E547-48B0-8646-779465D0993E}.Debug|x64.Build.0 = Debug|Any CPU
		{8513956E-E547-48B0-8646-779465D0993E}.Debug|x86.ActiveCfg = Debug|Any CPU
		{8513956E-E547-48B0-8646-779465D0993E}.Debug|x86.Build.0 = Debug|Any CPU
		{8513956E-E547-48B0-8646-779465D0993E}.Release|Any CPU.ActiveCfg = Release|Any CPU
		{8513956E-E547-48B0-8646-779465D0993E}.Release|Any CPU.Build.0 = Release|Any CPU
		{8513956E-E547-48B0-8646-779465D0993E}.Release|x64.ActiveCfg = Release|Any CPU
		{8513956E-E547-48B0-8646-779465D0993E}.Release|x64.Build.0 = Release|Any CPU
		{8513956E-E547-48B0-8646-779465D0993E}.Release|x86.ActiveCfg = Release|Any CPU
		{8513956E-E547-48B0-8646-779465D0993E}.Release|x86.Build.0 = Release|Any CPU
		{D47A0EB0-3A8A-494C-9D4B-BFCE7283E327}.Debug|Any CPU.ActiveCfg = Debug|Any CPU
		{D47A0EB0-3A8A-494C-9D4B-BFCE7283E327}.Debug|Any CPU.Build.0 = Debug|Any CPU
		{D47A0EB0-3A8A-494C-9D4B-BFCE7283E327}.Debug|x64.ActiveCfg = Debug|Any CPU
		{D47A0EB0-3A8A-494C-9D4B-BFCE7283E327}.Debug|x64.Build.0 = Debug|Any CPU
		{D47A0EB0-3A8A-494C-9D4B-BFCE7283E327}.Debug|x86.ActiveCfg = Debug|Any CPU
		{D47A0EB0-3A8A-494C-9D4B-BFCE7283E327}.Debug|x86.Build.0 = Debug|Any CPU
		{D47A0EB0-3A8A-494C-9D4B-BFCE7283E327}.Release|Any CPU.ActiveCfg = Release|Any CPU
		{D47A0EB0-3A8A-494C-9D4B-BFCE7283E327}.Release|Any CPU.Build.0 = Release|Any CPU
		{D47A0EB0-3A8A-494C-9D4B-BFCE7283E327}.Release|x64.ActiveCfg = Release|Any CPU
		{D47A0EB0-3A8A-494C-9D4B-BFCE7283E327}.Release|x64.Build.0 = Release|Any CPU
		{D47A0EB0-3A8A-494C-9D4B-BFCE7283E327}.Release|x86.ActiveCfg = Release|Any CPU
		{D47A0EB0-3A8A-494C-9D4B-BFCE7283E327}.Release|x86.Build.0 = Release|Any CPU
		{E9AFBAF5-0730-491F-A43E-7627479D6F8D}.Debug|Any CPU.ActiveCfg = Debug|Any CPU
		{E9AFBAF5-0730-491F-A43E-7627479D6F8D}.Debug|Any CPU.Build.0 = Debug|Any CPU
		{E9AFBAF5-0730-491F-A43E-7627479D6F8D}.Debug|x64.ActiveCfg = Debug|Any CPU
		{E9AFBAF5-0730-491F-A43E-7627479D6F8D}.Debug|x64.Build.0 = Debug|Any CPU
		{E9AFBAF5-0730-491F-A43E-7627479D6F8D}.Debug|x86.ActiveCfg = Debug|Any CPU
		{E9AFBAF5-0730-491F-A43E-7627479D6F8D}.Debug|x86.Build.0 = Debug|Any CPU
		{E9AFBAF5-0730-491F-A43E-7627479D6F8D}.Release|Any CPU.ActiveCfg = Release|Any CPU
		{E9AFBAF5-0730-491F-A43E-7627479D6F8D}.Release|Any CPU.Build.0 = Release|Any CPU
		{E9AFBAF5-0730-491F-A43E-7627479D6F8D}.Release|x64.ActiveCfg = Release|Any CPU
		{E9AFBAF5-0730-491F-A43E-7627479D6F8D}.Release|x64.Build.0 = Release|Any CPU
		{E9AFBAF5-0730-491F-A43E-7627479D6F8D}.Release|x86.ActiveCfg = Release|Any CPU
		{E9AFBAF5-0730-491F-A43E-7627479D6F8D}.Release|x86.Build.0 = Release|Any CPU
		{F9A0F171-82B2-4EE7-9032-313FACF4DFB8}.Debug|Any CPU.ActiveCfg = Debug|Any CPU
		{F9A0F171-82B2-4EE7-9032-313FACF4DFB8}.Debug|Any CPU.Build.0 = Debug|Any CPU
		{F9A0F171-82B2-4EE7-9032-313FACF4DFB8}.Debug|x64.ActiveCfg = Debug|Any CPU
		{F9A0F171-82B2-4EE7-9032-313FACF4DFB8}.Debug|x64.Build.0 = Debug|Any CPU
		{F9A0F171-82B2-4EE7-9032-313FACF4DFB8}.Debug|x86.ActiveCfg = Debug|Any CPU
		{F9A0F171-82B2-4EE7-9032-313FACF4DFB8}.Debug|x86.Build.0 = Debug|Any CPU
		{F9A0F171-82B2-4EE7-9032-313FACF4DFB8}.Release|Any CPU.ActiveCfg = Release|Any CPU
		{F9A0F171-82B2-4EE7-9032-313FACF4DFB8}.Release|Any CPU.Build.0 = Release|Any CPU
		{F9A0F171-82B2-4EE7-9032-313FACF4DFB8}.Release|x64.ActiveCfg = Release|Any CPU
		{F9A0F171-82B2-4EE7-9032-313FACF4DFB8}.Release|x64.Build.0 = Release|Any CPU
		{F9A0F171-82B2-4EE7-9032-313FACF4DFB8}.Release|x86.ActiveCfg = Release|Any CPU
		{F9A0F171-82B2-4EE7-9032-313FACF4DFB8}.Release|x86.Build.0 = Release|Any CPU
		{BC0E197F-0339-4494-B34D-1F26F2E5477C}.Debug|Any CPU.ActiveCfg = Debug|Any CPU
		{BC0E197F-0339-4494-B34D-1F26F2E5477C}.Debug|Any CPU.Build.0 = Debug|Any CPU
		{BC0E197F-0339-4494-B34D-1F26F2E5477C}.Debug|x64.ActiveCfg = Debug|Any CPU
		{BC0E197F-0339-4494-B34D-1F26F2E5477C}.Debug|x64.Build.0 = Debug|Any CPU
		{BC0E197F-0339-4494-B34D-1F26F2E5477C}.Debug|x86.ActiveCfg = Debug|Any CPU
		{BC0E197F-0339-4494-B34D-1F26F2E5477C}.Debug|x86.Build.0 = Debug|Any CPU
		{BC0E197F-0339-4494-B34D-1F26F2E5477C}.Release|Any CPU.ActiveCfg = Release|Any CPU
		{BC0E197F-0339-4494-B34D-1F26F2E5477C}.Release|Any CPU.Build.0 = Release|Any CPU
		{BC0E197F-0339-4494-B34D-1F26F2E5477C}.Release|x64.ActiveCfg = Release|Any CPU
		{BC0E197F-0339-4494-B34D-1F26F2E5477C}.Release|x64.Build.0 = Release|Any CPU
		{BC0E197F-0339-4494-B34D-1F26F2E5477C}.Release|x86.ActiveCfg = Release|Any CPU
		{BC0E197F-0339-4494-B34D-1F26F2E5477C}.Release|x86.Build.0 = Release|Any CPU
		{BA28663F-5C38-44AA-9408-E853F232C822}.Debug|Any CPU.ActiveCfg = Debug|Any CPU
		{BA28663F-5C38-44AA-9408-E853F232C822}.Debug|Any CPU.Build.0 = Debug|Any CPU
		{BA28663F-5C38-44AA-9408-E853F232C822}.Debug|x64.ActiveCfg = Debug|Any CPU
		{BA28663F-5C38-44AA-9408-E853F232C822}.Debug|x64.Build.0 = Debug|Any CPU
		{BA28663F-5C38-44AA-9408-E853F232C822}.Debug|x86.ActiveCfg = Debug|Any CPU
		{BA28663F-5C38-44AA-9408-E853F232C822}.Debug|x86.Build.0 = Debug|Any CPU
		{BA28663F-5C38-44AA-9408-E853F232C822}.Release|Any CPU.ActiveCfg = Release|Any CPU
		{BA28663F-5C38-44AA-9408-E853F232C822}.Release|Any CPU.Build.0 = Release|Any CPU
		{BA28663F-5C38-44AA-9408-E853F232C822}.Release|x64.ActiveCfg = Release|Any CPU
		{BA28663F-5C38-44AA-9408-E853F232C822}.Release|x64.Build.0 = Release|Any CPU
		{BA28663F-5C38-44AA-9408-E853F232C822}.Release|x86.ActiveCfg = Release|Any CPU
		{BA28663F-5C38-44AA-9408-E853F232C822}.Release|x86.Build.0 = Release|Any CPU
		{87D84F71-E3C5-4C17-AD96-F0574F45E6F8}.Debug|Any CPU.ActiveCfg = Debug|Any CPU
		{87D84F71-E3C5-4C17-AD96-F0574F45E6F8}.Debug|Any CPU.Build.0 = Debug|Any CPU
		{87D84F71-E3C5-4C17-AD96-F0574F45E6F8}.Debug|x64.ActiveCfg = Debug|Any CPU
		{87D84F71-E3C5-4C17-AD96-F0574F45E6F8}.Debug|x64.Build.0 = Debug|Any CPU
		{87D84F71-E3C5-4C17-AD96-F0574F45E6F8}.Debug|x86.ActiveCfg = Debug|Any CPU
		{87D84F71-E3C5-4C17-AD96-F0574F45E6F8}.Debug|x86.Build.0 = Debug|Any CPU
		{87D84F71-E3C5-4C17-AD96-F0574F45E6F8}.Release|Any CPU.ActiveCfg = Release|Any CPU
		{87D84F71-E3C5-4C17-AD96-F0574F45E6F8}.Release|Any CPU.Build.0 = Release|Any CPU
		{87D84F71-E3C5-4C17-AD96-F0574F45E6F8}.Release|x64.ActiveCfg = Release|Any CPU
		{87D84F71-E3C5-4C17-AD96-F0574F45E6F8}.Release|x64.Build.0 = Release|Any CPU
		{87D84F71-E3C5-4C17-AD96-F0574F45E6F8}.Release|x86.ActiveCfg = Release|Any CPU
		{87D84F71-E3C5-4C17-AD96-F0574F45E6F8}.Release|x86.Build.0 = Release|Any CPU
		{C2A6A89C-39D7-454B-A8EE-F2A49E49F673}.Debug|Any CPU.ActiveCfg = Debug|Any CPU
		{C2A6A89C-39D7-454B-A8EE-F2A49E49F673}.Debug|Any CPU.Build.0 = Debug|Any CPU
		{C2A6A89C-39D7-454B-A8EE-F2A49E49F673}.Debug|x64.ActiveCfg = Debug|Any CPU
		{C2A6A89C-39D7-454B-A8EE-F2A49E49F673}.Debug|x64.Build.0 = Debug|Any CPU
		{C2A6A89C-39D7-454B-A8EE-F2A49E49F673}.Debug|x86.ActiveCfg = Debug|Any CPU
		{C2A6A89C-39D7-454B-A8EE-F2A49E49F673}.Debug|x86.Build.0 = Debug|Any CPU
		{C2A6A89C-39D7-454B-A8EE-F2A49E49F673}.Release|Any CPU.ActiveCfg = Release|Any CPU
		{C2A6A89C-39D7-454B-A8EE-F2A49E49F673}.Release|Any CPU.Build.0 = Release|Any CPU
		{C2A6A89C-39D7-454B-A8EE-F2A49E49F673}.Release|x64.ActiveCfg = Release|Any CPU
		{C2A6A89C-39D7-454B-A8EE-F2A49E49F673}.Release|x64.Build.0 = Release|Any CPU
		{C2A6A89C-39D7-454B-A8EE-F2A49E49F673}.Release|x86.ActiveCfg = Release|Any CPU
		{C2A6A89C-39D7-454B-A8EE-F2A49E49F673}.Release|x86.Build.0 = Release|Any CPU
		{7B556151-40D8-423E-B7F6-5407487CD656}.Debug|Any CPU.ActiveCfg = Debug|Any CPU
		{7B556151-40D8-423E-B7F6-5407487CD656}.Debug|Any CPU.Build.0 = Debug|Any CPU
		{7B556151-40D8-423E-B7F6-5407487CD656}.Debug|x64.ActiveCfg = Debug|Any CPU
		{7B556151-40D8-423E-B7F6-5407487CD656}.Debug|x64.Build.0 = Debug|Any CPU
		{7B556151-40D8-423E-B7F6-5407487CD656}.Debug|x86.ActiveCfg = Debug|Any CPU
		{7B556151-40D8-423E-B7F6-5407487CD656}.Debug|x86.Build.0 = Debug|Any CPU
		{7B556151-40D8-423E-B7F6-5407487CD656}.Release|Any CPU.ActiveCfg = Release|Any CPU
		{7B556151-40D8-423E-B7F6-5407487CD656}.Release|Any CPU.Build.0 = Release|Any CPU
		{7B556151-40D8-423E-B7F6-5407487CD656}.Release|x64.ActiveCfg = Release|Any CPU
		{7B556151-40D8-423E-B7F6-5407487CD656}.Release|x64.Build.0 = Release|Any CPU
		{7B556151-40D8-423E-B7F6-5407487CD656}.Release|x86.ActiveCfg = Release|Any CPU
		{7B556151-40D8-423E-B7F6-5407487CD656}.Release|x86.Build.0 = Release|Any CPU
		{93B5027A-3B62-4F35-8584-F435206E86BF}.Debug|Any CPU.ActiveCfg = Debug|Any CPU
		{93B5027A-3B62-4F35-8584-F435206E86BF}.Debug|Any CPU.Build.0 = Debug|Any CPU
		{93B5027A-3B62-4F35-8584-F435206E86BF}.Debug|x64.ActiveCfg = Debug|Any CPU
		{93B5027A-3B62-4F35-8584-F435206E86BF}.Debug|x64.Build.0 = Debug|Any CPU
		{93B5027A-3B62-4F35-8584-F435206E86BF}.Debug|x86.ActiveCfg = Debug|Any CPU
		{93B5027A-3B62-4F35-8584-F435206E86BF}.Debug|x86.Build.0 = Debug|Any CPU
		{93B5027A-3B62-4F35-8584-F435206E86BF}.Release|Any CPU.ActiveCfg = Release|Any CPU
		{93B5027A-3B62-4F35-8584-F435206E86BF}.Release|Any CPU.Build.0 = Release|Any CPU
		{93B5027A-3B62-4F35-8584-F435206E86BF}.Release|x64.ActiveCfg = Release|Any CPU
		{93B5027A-3B62-4F35-8584-F435206E86BF}.Release|x64.Build.0 = Release|Any CPU
		{93B5027A-3B62-4F35-8584-F435206E86BF}.Release|x86.ActiveCfg = Release|Any CPU
		{93B5027A-3B62-4F35-8584-F435206E86BF}.Release|x86.Build.0 = Release|Any CPU
		{9AF66244-EBCE-422C-B0D5-98716A47F30E}.Debug|Any CPU.ActiveCfg = Debug|Any CPU
		{9AF66244-EBCE-422C-B0D5-98716A47F30E}.Debug|Any CPU.Build.0 = Debug|Any CPU
		{9AF66244-EBCE-422C-B0D5-98716A47F30E}.Debug|x64.ActiveCfg = Debug|Any CPU
		{9AF66244-EBCE-422C-B0D5-98716A47F30E}.Debug|x64.Build.0 = Debug|Any CPU
		{9AF66244-EBCE-422C-B0D5-98716A47F30E}.Debug|x86.ActiveCfg = Debug|Any CPU
		{9AF66244-EBCE-422C-B0D5-98716A47F30E}.Debug|x86.Build.0 = Debug|Any CPU
		{9AF66244-EBCE-422C-B0D5-98716A47F30E}.Release|Any CPU.ActiveCfg = Release|Any CPU
		{9AF66244-EBCE-422C-B0D5-98716A47F30E}.Release|Any CPU.Build.0 = Release|Any CPU
		{9AF66244-EBCE-422C-B0D5-98716A47F30E}.Release|x64.ActiveCfg = Release|Any CPU
		{9AF66244-EBCE-422C-B0D5-98716A47F30E}.Release|x64.Build.0 = Release|Any CPU
		{9AF66244-EBCE-422C-B0D5-98716A47F30E}.Release|x86.ActiveCfg = Release|Any CPU
		{9AF66244-EBCE-422C-B0D5-98716A47F30E}.Release|x86.Build.0 = Release|Any CPU
		{99B4EA5E-79F8-46F9-9AA2-B5832E5F41C9}.Debug|Any CPU.ActiveCfg = Debug|Any CPU
		{99B4EA5E-79F8-46F9-9AA2-B5832E5F41C9}.Debug|Any CPU.Build.0 = Debug|Any CPU
		{99B4EA5E-79F8-46F9-9AA2-B5832E5F41C9}.Debug|x64.ActiveCfg = Debug|Any CPU
		{99B4EA5E-79F8-46F9-9AA2-B5832E5F41C9}.Debug|x64.Build.0 = Debug|Any CPU
		{99B4EA5E-79F8-46F9-9AA2-B5832E5F41C9}.Debug|x86.ActiveCfg = Debug|Any CPU
		{99B4EA5E-79F8-46F9-9AA2-B5832E5F41C9}.Debug|x86.Build.0 = Debug|Any CPU
		{99B4EA5E-79F8-46F9-9AA2-B5832E5F41C9}.Release|Any CPU.ActiveCfg = Release|Any CPU
		{99B4EA5E-79F8-46F9-9AA2-B5832E5F41C9}.Release|Any CPU.Build.0 = Release|Any CPU
		{99B4EA5E-79F8-46F9-9AA2-B5832E5F41C9}.Release|x64.ActiveCfg = Release|Any CPU
		{99B4EA5E-79F8-46F9-9AA2-B5832E5F41C9}.Release|x64.Build.0 = Release|Any CPU
		{99B4EA5E-79F8-46F9-9AA2-B5832E5F41C9}.Release|x86.ActiveCfg = Release|Any CPU
		{99B4EA5E-79F8-46F9-9AA2-B5832E5F41C9}.Release|x86.Build.0 = Release|Any CPU
		{34518D01-08B6-4AC2-8C30-4F84529DB9A1}.Debug|Any CPU.ActiveCfg = Debug|Any CPU
		{34518D01-08B6-4AC2-8C30-4F84529DB9A1}.Debug|Any CPU.Build.0 = Debug|Any CPU
		{34518D01-08B6-4AC2-8C30-4F84529DB9A1}.Debug|x64.ActiveCfg = Debug|Any CPU
		{34518D01-08B6-4AC2-8C30-4F84529DB9A1}.Debug|x64.Build.0 = Debug|Any CPU
		{34518D01-08B6-4AC2-8C30-4F84529DB9A1}.Debug|x86.ActiveCfg = Debug|Any CPU
		{34518D01-08B6-4AC2-8C30-4F84529DB9A1}.Debug|x86.Build.0 = Debug|Any CPU
		{34518D01-08B6-4AC2-8C30-4F84529DB9A1}.Release|Any CPU.ActiveCfg = Release|Any CPU
		{34518D01-08B6-4AC2-8C30-4F84529DB9A1}.Release|Any CPU.Build.0 = Release|Any CPU
		{34518D01-08B6-4AC2-8C30-4F84529DB9A1}.Release|x64.ActiveCfg = Release|Any CPU
		{34518D01-08B6-4AC2-8C30-4F84529DB9A1}.Release|x64.Build.0 = Release|Any CPU
		{34518D01-08B6-4AC2-8C30-4F84529DB9A1}.Release|x86.ActiveCfg = Release|Any CPU
		{34518D01-08B6-4AC2-8C30-4F84529DB9A1}.Release|x86.Build.0 = Release|Any CPU
		{3541E488-41FF-43DA-A9EC-25E92E6D5C26}.Debug|Any CPU.ActiveCfg = Debug|Any CPU
		{3541E488-41FF-43DA-A9EC-25E92E6D5C26}.Debug|Any CPU.Build.0 = Debug|Any CPU
		{3541E488-41FF-43DA-A9EC-25E92E6D5C26}.Debug|x64.ActiveCfg = Debug|Any CPU
		{3541E488-41FF-43DA-A9EC-25E92E6D5C26}.Debug|x64.Build.0 = Debug|Any CPU
		{3541E488-41FF-43DA-A9EC-25E92E6D5C26}.Debug|x86.ActiveCfg = Debug|Any CPU
		{3541E488-41FF-43DA-A9EC-25E92E6D5C26}.Debug|x86.Build.0 = Debug|Any CPU
		{3541E488-41FF-43DA-A9EC-25E92E6D5C26}.Release|Any CPU.ActiveCfg = Release|Any CPU
		{3541E488-41FF-43DA-A9EC-25E92E6D5C26}.Release|Any CPU.Build.0 = Release|Any CPU
		{3541E488-41FF-43DA-A9EC-25E92E6D5C26}.Release|x64.ActiveCfg = Release|Any CPU
		{3541E488-41FF-43DA-A9EC-25E92E6D5C26}.Release|x64.Build.0 = Release|Any CPU
		{3541E488-41FF-43DA-A9EC-25E92E6D5C26}.Release|x86.ActiveCfg = Release|Any CPU
		{3541E488-41FF-43DA-A9EC-25E92E6D5C26}.Release|x86.Build.0 = Release|Any CPU
		{1008AEC9-8BAE-4D78-AD1A-9E1BD2565C8D}.Debug|Any CPU.ActiveCfg = Debug|Any CPU
		{1008AEC9-8BAE-4D78-AD1A-9E1BD2565C8D}.Debug|Any CPU.Build.0 = Debug|Any CPU
		{1008AEC9-8BAE-4D78-AD1A-9E1BD2565C8D}.Debug|x64.ActiveCfg = Debug|Any CPU
		{1008AEC9-8BAE-4D78-AD1A-9E1BD2565C8D}.Debug|x64.Build.0 = Debug|Any CPU
		{1008AEC9-8BAE-4D78-AD1A-9E1BD2565C8D}.Debug|x86.ActiveCfg = Debug|Any CPU
		{1008AEC9-8BAE-4D78-AD1A-9E1BD2565C8D}.Debug|x86.Build.0 = Debug|Any CPU
		{1008AEC9-8BAE-4D78-AD1A-9E1BD2565C8D}.Release|Any CPU.ActiveCfg = Release|Any CPU
		{1008AEC9-8BAE-4D78-AD1A-9E1BD2565C8D}.Release|Any CPU.Build.0 = Release|Any CPU
		{1008AEC9-8BAE-4D78-AD1A-9E1BD2565C8D}.Release|x64.ActiveCfg = Release|Any CPU
		{1008AEC9-8BAE-4D78-AD1A-9E1BD2565C8D}.Release|x64.Build.0 = Release|Any CPU
		{1008AEC9-8BAE-4D78-AD1A-9E1BD2565C8D}.Release|x86.ActiveCfg = Release|Any CPU
		{1008AEC9-8BAE-4D78-AD1A-9E1BD2565C8D}.Release|x86.Build.0 = Release|Any CPU
		{BA40D5EA-8BB7-4BC8-9975-6EFE3C977CFA}.Debug|Any CPU.ActiveCfg = Debug|Any CPU
		{BA40D5EA-8BB7-4BC8-9975-6EFE3C977CFA}.Debug|Any CPU.Build.0 = Debug|Any CPU
		{BA40D5EA-8BB7-4BC8-9975-6EFE3C977CFA}.Debug|x64.ActiveCfg = Debug|Any CPU
		{BA40D5EA-8BB7-4BC8-9975-6EFE3C977CFA}.Debug|x64.Build.0 = Debug|Any CPU
		{BA40D5EA-8BB7-4BC8-9975-6EFE3C977CFA}.Debug|x86.ActiveCfg = Debug|Any CPU
		{BA40D5EA-8BB7-4BC8-9975-6EFE3C977CFA}.Debug|x86.Build.0 = Debug|Any CPU
		{BA40D5EA-8BB7-4BC8-9975-6EFE3C977CFA}.Release|Any CPU.ActiveCfg = Release|Any CPU
		{BA40D5EA-8BB7-4BC8-9975-6EFE3C977CFA}.Release|Any CPU.Build.0 = Release|Any CPU
		{BA40D5EA-8BB7-4BC8-9975-6EFE3C977CFA}.Release|x64.ActiveCfg = Release|Any CPU
		{BA40D5EA-8BB7-4BC8-9975-6EFE3C977CFA}.Release|x64.Build.0 = Release|Any CPU
		{BA40D5EA-8BB7-4BC8-9975-6EFE3C977CFA}.Release|x86.ActiveCfg = Release|Any CPU
		{BA40D5EA-8BB7-4BC8-9975-6EFE3C977CFA}.Release|x86.Build.0 = Release|Any CPU
		{F6FA779B-3A16-49A1-8D48-BEF51BF3382B}.Debug|Any CPU.ActiveCfg = Debug|Any CPU
		{F6FA779B-3A16-49A1-8D48-BEF51BF3382B}.Debug|Any CPU.Build.0 = Debug|Any CPU
		{F6FA779B-3A16-49A1-8D48-BEF51BF3382B}.Debug|x64.ActiveCfg = Debug|Any CPU
		{F6FA779B-3A16-49A1-8D48-BEF51BF3382B}.Debug|x64.Build.0 = Debug|Any CPU
		{F6FA779B-3A16-49A1-8D48-BEF51BF3382B}.Debug|x86.ActiveCfg = Debug|Any CPU
		{F6FA779B-3A16-49A1-8D48-BEF51BF3382B}.Debug|x86.Build.0 = Debug|Any CPU
		{F6FA779B-3A16-49A1-8D48-BEF51BF3382B}.Release|Any CPU.ActiveCfg = Release|Any CPU
		{F6FA779B-3A16-49A1-8D48-BEF51BF3382B}.Release|Any CPU.Build.0 = Release|Any CPU
		{F6FA779B-3A16-49A1-8D48-BEF51BF3382B}.Release|x64.ActiveCfg = Release|Any CPU
		{F6FA779B-3A16-49A1-8D48-BEF51BF3382B}.Release|x64.Build.0 = Release|Any CPU
		{F6FA779B-3A16-49A1-8D48-BEF51BF3382B}.Release|x86.ActiveCfg = Release|Any CPU
		{F6FA779B-3A16-49A1-8D48-BEF51BF3382B}.Release|x86.Build.0 = Release|Any CPU
		{5A15A236-4077-4F69-BAEA-0469EE2C3D38}.Debug|Any CPU.ActiveCfg = Debug|Any CPU
		{5A15A236-4077-4F69-BAEA-0469EE2C3D38}.Debug|Any CPU.Build.0 = Debug|Any CPU
		{5A15A236-4077-4F69-BAEA-0469EE2C3D38}.Debug|x64.ActiveCfg = Debug|Any CPU
		{5A15A236-4077-4F69-BAEA-0469EE2C3D38}.Debug|x64.Build.0 = Debug|Any CPU
		{5A15A236-4077-4F69-BAEA-0469EE2C3D38}.Debug|x86.ActiveCfg = Debug|Any CPU
		{5A15A236-4077-4F69-BAEA-0469EE2C3D38}.Debug|x86.Build.0 = Debug|Any CPU
		{5A15A236-4077-4F69-BAEA-0469EE2C3D38}.Release|Any CPU.ActiveCfg = Release|Any CPU
		{5A15A236-4077-4F69-BAEA-0469EE2C3D38}.Release|Any CPU.Build.0 = Release|Any CPU
		{5A15A236-4077-4F69-BAEA-0469EE2C3D38}.Release|x64.ActiveCfg = Release|Any CPU
		{5A15A236-4077-4F69-BAEA-0469EE2C3D38}.Release|x64.Build.0 = Release|Any CPU
		{5A15A236-4077-4F69-BAEA-0469EE2C3D38}.Release|x86.ActiveCfg = Release|Any CPU
		{5A15A236-4077-4F69-BAEA-0469EE2C3D38}.Release|x86.Build.0 = Release|Any CPU
	EndGlobalSection
	GlobalSection(SolutionProperties) = preSolution
		HideSolutionNode = FALSE
	EndGlobalSection
	GlobalSection(NestedProjects) = preSolution
		{E0AD1809-C64F-3D39-45E0-E424261CE16D} = {827E0CD3-B72D-47B6-A68D-7590B98EB39B}
		{8CB31E60-3348-443B-90F8-7C8661D9E852} = {E0AD1809-C64F-3D39-45E0-E424261CE16D}
		{350EFD0C-C200-624F-5632-DFE8CC4028C5} = {E0AD1809-C64F-3D39-45E0-E424261CE16D}
		{D47A0EB0-3A8A-494C-9D4B-BFCE7283E327} = {350EFD0C-C200-624F-5632-DFE8CC4028C5}
		{E9AFBAF5-0730-491F-A43E-7627479D6F8D} = {350EFD0C-C200-624F-5632-DFE8CC4028C5}
		{70E9956B-3470-8432-5039-A81DB1F2C925} = {E0AD1809-C64F-3D39-45E0-E424261CE16D}
		{F9A0F171-82B2-4EE7-9032-313FACF4DFB8} = {70E9956B-3470-8432-5039-A81DB1F2C925}
		{BC0E197F-0339-4494-B34D-1F26F2E5477C} = {70E9956B-3470-8432-5039-A81DB1F2C925}
		{FCA8AEBA-C82E-8213-6DDE-2C4DE7FBF28D} = {E0AD1809-C64F-3D39-45E0-E424261CE16D}
		{BA28663F-5C38-44AA-9408-E853F232C822} = {FCA8AEBA-C82E-8213-6DDE-2C4DE7FBF28D}
		{C8AF7CE9-6C40-4FD3-91AE-2CD8D4D52734} = {E0AD1809-C64F-3D39-45E0-E424261CE16D}
		{87D84F71-E3C5-4C17-AD96-F0574F45E6F8} = {C8AF7CE9-6C40-4FD3-91AE-2CD8D4D52734}
		{71B26CA9-AFE7-F2E3-1AB1-CD956805BB92} = {E0AD1809-C64F-3D39-45E0-E424261CE16D}
		{C2A6A89C-39D7-454B-A8EE-F2A49E49F673} = {71B26CA9-AFE7-F2E3-1AB1-CD956805BB92}
		{0147BB3C-E680-3343-50D1-D5217CEA7937} = {E0AD1809-C64F-3D39-45E0-E424261CE16D}
		{7B556151-40D8-423E-B7F6-5407487CD656} = {0147BB3C-E680-3343-50D1-D5217CEA7937}
		{93B5027A-3B62-4F35-8584-F435206E86BF} = {0147BB3C-E680-3343-50D1-D5217CEA7937}
		{7DBA3115-775D-CEFB-93FD-24A148510556} = {E0AD1809-C64F-3D39-45E0-E424261CE16D}
		{9AF66244-EBCE-422C-B0D5-98716A47F30E} = {7DBA3115-775D-CEFB-93FD-24A148510556}
		{EC447DCF-ABFA-6E24-52A5-D7FD48A5C558} = {827E0CD3-B72D-47B6-A68D-7590B98EB39B}
		{0EC62A1A-9858-3A60-8A0C-FC9AACFA2EC7} = {EC447DCF-ABFA-6E24-52A5-D7FD48A5C558}
		{99B4EA5E-79F8-46F9-9AA2-B5832E5F41C9} = {0EC62A1A-9858-3A60-8A0C-FC9AACFA2EC7}
		{34518D01-08B6-4AC2-8C30-4F84529DB9A1} = {0EC62A1A-9858-3A60-8A0C-FC9AACFA2EC7}
		{3541E488-41FF-43DA-A9EC-25E92E6D5C26} = {0EC62A1A-9858-3A60-8A0C-FC9AACFA2EC7}
		{1008AEC9-8BAE-4D78-AD1A-9E1BD2565C8D} = {0EC62A1A-9858-3A60-8A0C-FC9AACFA2EC7}
		{BA40D5EA-8BB7-4BC8-9975-6EFE3C977CFA} = {0EC62A1A-9858-3A60-8A0C-FC9AACFA2EC7}
		{F6FA779B-3A16-49A1-8D48-BEF51BF3382B} = {0EC62A1A-9858-3A60-8A0C-FC9AACFA2EC7}
		{5A15A236-4077-4F69-BAEA-0469EE2C3D38} = {0EC62A1A-9858-3A60-8A0C-FC9AACFA2EC7}
	EndGlobalSection
EndGlobal
