
Microsoft Visual Studio Solution File, Format Version 12.00
# Visual Studio Version 17
VisualStudioVersion = 17.0.31903.59
MinimumVisualStudioVersion = 10.0.40219.1
Project("{FAE04EC0-301F-11D3-BF4B-00C04F79EFBC}") = "CleanWebApiTemplate.Shared", "CleanWebApiTemplate.Shared\CleanWebApiTemplate.Shared.csproj", "{8C1CD050-0118-4E67-802A-C90ECB5D8055}"
EndProject
Project("{FAE04EC0-301F-11D3-BF4B-00C04F79EFBC}") = "CleanWebApiTemplate.Domain", "CleanWebApiTemplate.Domain\CleanWebApiTemplate.Domain.csproj", "{0DDD9E91-5605-403F-8BB2-07DE66EB3BEC}"
EndProject
Project("{FAE04EC0-301F-11D3-BF4B-00C04F79EFBC}") = "CleanWebApiTemplate.Contracts", "CleanWebApiTemplate.Contracts\CleanWebApiTemplate.Contracts.csproj", "{FF5FF280-28C1-40AA-9BD4-B53C943EC1E9}"
EndProject
Project("{FAE04EC0-301F-11D3-BF4B-00C04F79EFBC}") = "CleanWebApiTemplate.Application", "CleanWebApiTemplate.Application\CleanWebApiTemplate.Application.csproj", "{620DA98A-66BA-44DD-B316-DE8B0D43A502}"
EndProject
Project("{FAE04EC0-301F-11D3-BF4B-00C04F79EFBC}") = "CleanWebApiTemplate.Persistence", "CleanWebApiTemplate.Persistence\CleanWebApiTemplate.Persistence.csproj", "{28893D3B-D2B3-46E6-BEBD-DE2729D132F7}"
EndProject
Project("{FAE04EC0-301F-11D3-BF4B-00C04F79EFBC}") = "CleanWebApiTemplate.Api", "CleanWebApiTemplate.Api\CleanWebApiTemplate.Api.csproj", "{DB22B909-4299-4479-AE91-A6E0C2AA6479}"
EndProject
Project("{FAE04EC0-301F-11D3-BF4B-00C04F79EFBC}") = "CleanWebApiTemplate.Startup", "CleanWebApiTemplate.Startup\CleanWebApiTemplate.Startup.csproj", "{F2BEFA1C-9813-45B5-BE04-4DBE05D649C6}"
EndProject
Global
	GlobalSection(SolutionConfigurationPlatforms) = preSolution
		Debug|Any CPU = Debug|Any CPU
		Debug|x64 = Debug|x64
		Debug|x86 = Debug|x86
		Release|Any CPU = Release|Any CPU
		Release|x64 = Release|x64
		Release|x86 = Release|x86
	EndGlobalSection
	GlobalSection(ProjectConfigurationPlatforms) = postSolution
		{8C1CD050-0118-4E67-802A-C90ECB5D8055}.Debug|Any CPU.ActiveCfg = Debug|Any CPU
		{8C1CD050-0118-4E67-802A-C90ECB5D8055}.Debug|Any CPU.Build.0 = Debug|Any CPU
		{8C1CD050-0118-4E67-802A-C90ECB5D8055}.Debug|x64.ActiveCfg = Debug|Any CPU
		{8C1CD050-0118-4E67-802A-C90ECB5D8055}.Debug|x64.Build.0 = Debug|Any CPU
		{8C1CD050-0118-4E67-802A-C90ECB5D8055}.Debug|x86.ActiveCfg = Debug|Any CPU
		{8C1CD050-0118-4E67-802A-C90ECB5D8055}.Debug|x86.Build.0 = Debug|Any CPU
		{8C1CD050-0118-4E67-802A-C90ECB5D8055}.Release|Any CPU.ActiveCfg = Release|Any CPU
		{8C1CD050-0118-4E67-802A-C90ECB5D8055}.Release|Any CPU.Build.0 = Release|Any CPU
		{8C1CD050-0118-4E67-802A-C90ECB5D8055}.Release|x64.ActiveCfg = Release|Any CPU
		{8C1CD050-0118-4E67-802A-C90ECB5D8055}.Release|x64.Build.0 = Release|Any CPU
		{8C1CD050-0118-4E67-802A-C90ECB5D8055}.Release|x86.ActiveCfg = Release|Any CPU
		{8C1CD050-0118-4E67-802A-C90ECB5D8055}.Release|x86.Build.0 = Release|Any CPU
		{0DDD9E91-5605-403F-8BB2-07DE66EB3BEC}.Debug|Any CPU.ActiveCfg = Debug|Any CPU
		{0DDD9E91-5605-403F-8BB2-07DE66EB3BEC}.Debug|Any CPU.Build.0 = Debug|Any CPU
		{0DDD9E91-5605-403F-8BB2-07DE66EB3BEC}.Debug|x64.ActiveCfg = Debug|Any CPU
		{0DDD9E91-5605-403F-8BB2-07DE66EB3BEC}.Debug|x64.Build.0 = Debug|Any CPU
		{0DDD9E91-5605-403F-8BB2-07DE66EB3BEC}.Debug|x86.ActiveCfg = Debug|Any CPU
		{0DDD9E91-5605-403F-8BB2-07DE66EB3BEC}.Debug|x86.Build.0 = Debug|Any CPU
		{0DDD9E91-5605-403F-8BB2-07DE66EB3BEC}.Release|Any CPU.ActiveCfg = Release|Any CPU
		{0DDD9E91-5605-403F-8BB2-07DE66EB3BEC}.Release|Any CPU.Build.0 = Release|Any CPU
		{0DDD9E91-5605-403F-8BB2-07DE66EB3BEC}.Release|x64.ActiveCfg = Release|Any CPU
		{0DDD9E91-5605-403F-8BB2-07DE66EB3BEC}.Release|x64.Build.0 = Release|Any CPU
		{0DDD9E91-5605-403F-8BB2-07DE66EB3BEC}.Release|x86.ActiveCfg = Release|Any CPU
		{0DDD9E91-5605-403F-8BB2-07DE66EB3BEC}.Release|x86.Build.0 = Release|Any CPU
		{FF5FF280-28C1-40AA-9BD4-B53C943EC1E9}.Debug|Any CPU.ActiveCfg = Debug|Any CPU
		{FF5FF280-28C1-40AA-9BD4-B53C943EC1E9}.Debug|Any CPU.Build.0 = Debug|Any CPU
		{FF5FF280-28C1-40AA-9BD4-B53C943EC1E9}.Debug|x64.ActiveCfg = Debug|Any CPU
		{FF5FF280-28C1-40AA-9BD4-B53C943EC1E9}.Debug|x64.Build.0 = Debug|Any CPU
		{FF5FF280-28C1-40AA-9BD4-B53C943EC1E9}.Debug|x86.ActiveCfg = Debug|Any CPU
		{FF5FF280-28C1-40AA-9BD4-B53C943EC1E9}.Debug|x86.Build.0 = Debug|Any CPU
		{FF5FF280-28C1-40AA-9BD4-B53C943EC1E9}.Release|Any CPU.ActiveCfg = Release|Any CPU
		{FF5FF280-28C1-40AA-9BD4-B53C943EC1E9}.Release|Any CPU.Build.0 = Release|Any CPU
		{FF5FF280-28C1-40AA-9BD4-B53C943EC1E9}.Release|x64.ActiveCfg = Release|Any CPU
		{FF5FF280-28C1-40AA-9BD4-B53C943EC1E9}.Release|x64.Build.0 = Release|Any CPU
		{FF5FF280-28C1-40AA-9BD4-B53C943EC1E9}.Release|x86.ActiveCfg = Release|Any CPU
		{FF5FF280-28C1-40AA-9BD4-B53C943EC1E9}.Release|x86.Build.0 = Release|Any CPU
		{620DA98A-66BA-44DD-B316-DE8B0D43A502}.Debug|Any CPU.ActiveCfg = Debug|Any CPU
		{620DA98A-66BA-44DD-B316-DE8B0D43A502}.Debug|Any CPU.Build.0 = Debug|Any CPU
		{620DA98A-66BA-44DD-B316-DE8B0D43A502}.Debug|x64.ActiveCfg = Debug|Any CPU
		{620DA98A-66BA-44DD-B316-DE8B0D43A502}.Debug|x64.Build.0 = Debug|Any CPU
		{620DA98A-66BA-44DD-B316-DE8B0D43A502}.Debug|x86.ActiveCfg = Debug|Any CPU
		{620DA98A-66BA-44DD-B316-DE8B0D43A502}.Debug|x86.Build.0 = Debug|Any CPU
		{620DA98A-66BA-44DD-B316-DE8B0D43A502}.Release|Any CPU.ActiveCfg = Release|Any CPU
		{620DA98A-66BA-44DD-B316-DE8B0D43A502}.Release|Any CPU.Build.0 = Release|Any CPU
		{620DA98A-66BA-44DD-B316-DE8B0D43A502}.Release|x64.ActiveCfg = Release|Any CPU
		{620DA98A-66BA-44DD-B316-DE8B0D43A502}.Release|x64.Build.0 = Release|Any CPU
		{620DA98A-66BA-44DD-B316-DE8B0D43A502}.Release|x86.ActiveCfg = Release|Any CPU
		{620DA98A-66BA-44DD-B316-DE8B0D43A502}.Release|x86.Build.0 = Release|Any CPU
		{28893D3B-D2B3-46E6-BEBD-DE2729D132F7}.Debug|Any CPU.ActiveCfg = Debug|Any CPU
		{28893D3B-D2B3-46E6-BEBD-DE2729D132F7}.Debug|Any CPU.Build.0 = Debug|Any CPU
		{28893D3B-D2B3-46E6-BEBD-DE2729D132F7}.Debug|x64.ActiveCfg = Debug|Any CPU
		{28893D3B-D2B3-46E6-BEBD-DE2729D132F7}.Debug|x64.Build.0 = Debug|Any CPU
		{28893D3B-D2B3-46E6-BEBD-DE2729D132F7}.Debug|x86.ActiveCfg = Debug|Any CPU
		{28893D3B-D2B3-46E6-BEBD-DE2729D132F7}.Debug|x86.Build.0 = Debug|Any CPU
		{28893D3B-D2B3-46E6-BEBD-DE2729D132F7}.Release|Any CPU.ActiveCfg = Release|Any CPU
		{28893D3B-D2B3-46E6-BEBD-DE2729D132F7}.Release|Any CPU.Build.0 = Release|Any CPU
		{28893D3B-D2B3-46E6-BEBD-DE2729D132F7}.Release|x64.ActiveCfg = Release|Any CPU
		{28893D3B-D2B3-46E6-BEBD-DE2729D132F7}.Release|x64.Build.0 = Release|Any CPU
		{28893D3B-D2B3-46E6-BEBD-DE2729D132F7}.Release|x86.ActiveCfg = Release|Any CPU
		{28893D3B-D2B3-46E6-BEBD-DE2729D132F7}.Release|x86.Build.0 = Release|Any CPU
		{DB22B909-4299-4479-AE91-A6E0C2AA6479}.Debug|Any CPU.ActiveCfg = Debug|Any CPU
		{DB22B909-4299-4479-AE91-A6E0C2AA6479}.Debug|Any CPU.Build.0 = Debug|Any CPU
		{DB22B909-4299-4479-AE91-A6E0C2AA6479}.Debug|x64.ActiveCfg = Debug|Any CPU
		{DB22B909-4299-4479-AE91-A6E0C2AA6479}.Debug|x64.Build.0 = Debug|Any CPU
		{DB22B909-4299-4479-AE91-A6E0C2AA6479}.Debug|x86.ActiveCfg = Debug|Any CPU
		{DB22B909-4299-4479-AE91-A6E0C2AA6479}.Debug|x86.Build.0 = Debug|Any CPU
		{DB22B909-4299-4479-AE91-A6E0C2AA6479}.Release|Any CPU.ActiveCfg = Release|Any CPU
		{DB22B909-4299-4479-AE91-A6E0C2AA6479}.Release|Any CPU.Build.0 = Release|Any CPU
		{DB22B909-4299-4479-AE91-A6E0C2AA6479}.Release|x64.ActiveCfg = Release|Any CPU
		{DB22B909-4299-4479-AE91-A6E0C2AA6479}.Release|x64.Build.0 = Release|Any CPU
		{DB22B909-4299-4479-AE91-A6E0C2AA6479}.Release|x86.ActiveCfg = Release|Any CPU
		{DB22B909-4299-4479-AE91-A6E0C2AA6479}.Release|x86.Build.0 = Release|Any CPU
		{F2BEFA1C-9813-45B5-BE04-4DBE05D649C6}.Debug|Any CPU.ActiveCfg = Debug|Any CPU
		{F2BEFA1C-9813-45B5-BE04-4DBE05D649C6}.Debug|Any CPU.Build.0 = Debug|Any CPU
		{F2BEFA1C-9813-45B5-BE04-4DBE05D649C6}.Debug|x64.ActiveCfg = Debug|Any CPU
		{F2BEFA1C-9813-45B5-BE04-4DBE05D649C6}.Debug|x64.Build.0 = Debug|Any CPU
		{F2BEFA1C-9813-45B5-BE04-4DBE05D649C6}.Debug|x86.ActiveCfg = Debug|Any CPU
		{F2BEFA1C-9813-45B5-BE04-4DBE05D649C6}.Debug|x86.Build.0 = Debug|Any CPU
		{F2BEFA1C-9813-45B5-BE04-4DBE05D649C6}.Release|Any CPU.ActiveCfg = Release|Any CPU
		{F2BEFA1C-9813-45B5-BE04-4DBE05D649C6}.Release|Any CPU.Build.0 = Release|Any CPU
		{F2BEFA1C-9813-45B5-BE04-4DBE05D649C6}.Release|x64.ActiveCfg = Release|Any CPU
		{F2BEFA1C-9813-45B5-BE04-4DBE05D649C6}.Release|x64.Build.0 = Release|Any CPU
		{F2BEFA1C-9813-45B5-BE04-4DBE05D649C6}.Release|x86.ActiveCfg = Release|Any CPU
		{F2BEFA1C-9813-45B5-BE04-4DBE05D649C6}.Release|x86.Build.0 = Release|Any CPU
	EndGlobalSection
	GlobalSection(SolutionProperties) = preSolution
		HideSolutionNode = FALSE
	EndGlobalSection
EndGlobal
